
Microsoft Visual Studio Solution File, Format Version 12.00
# Visual Studio Version 17
VisualStudioVersion = 17.8.34212.112
MinimumVisualStudioVersion = 10.0.40219.1
Project("{2150E333-8FDC-42A3-9474-1A3956D46DE8}") = "src", "src", "{832124A0-8184-48DC-A66D-E8B6106F68C2}"
EndProject
Project("{2150E333-8FDC-42A3-9474-1A3956D46DE8}") = "Solution Items", "Solution Items", "{F547E6CF-BDD1-4C3F-9985-1F89113C7274}"
	ProjectSection(SolutionItems) = preProject
		Directory.Build.props = Directory.Build.props
		Directory.Build.targets = Directory.Build.targets
		Directory.Packages.props = Directory.Packages.props
		global.json = global.json
		LICENSE = LICENSE
		nuget.config = nuget.config
		README.md = README.md
	EndProjectSection
EndProject
Project("{9A19103F-16F7-4668-BE54-9A1E7A4F7556}") = "Symptum.Editor", "src\Symptum.Editor\Symptum.Editor.csproj", "{7786E828-42BA-4AA0-9D4C-ED7161701D4C}"
EndProject
Project("{9A19103F-16F7-4668-BE54-9A1E7A4F7556}") = "Symptum", "src\Symptum\Symptum.csproj", "{A7D494D1-FCCB-4F99-9FEF-76742D2BF666}"
EndProject
Project("{9A19103F-16F7-4668-BE54-9A1E7A4F7556}") = "Symptum.Core", "src\Symptum.Core\Symptum.Core.csproj", "{FD017540-53DB-43A2-91F5-4F84FDED2840}"
EndProject
Project("{9A19103F-16F7-4668-BE54-9A1E7A4F7556}") = "Symptum.Common", "src\Symptum.Common\Symptum.Common.csproj", "{4946C9EB-403A-4D70-A05D-BEA297160B92}"
EndProject
Project("{9A19103F-16F7-4668-BE54-9A1E7A4F7556}") = "Symptum.Markdown", "src\Symptum.Markdown\Symptum.Markdown.csproj", "{3BD6C56B-73D1-4AA9-B39D-77E81F27BEBF}"
EndProject
Project("{2150E333-8FDC-42A3-9474-1A3956D46DE8}") = "tests", "tests", "{106EE3C2-3796-4F0F-B5B9-67569B46AB40}"
EndProject
Project("{9A19103F-16F7-4668-BE54-9A1E7A4F7556}") = "SymptumCore.Test", "tests\SymptumCore.Test\SymptumCore.Test.csproj", "{E56D82F7-59EF-4E88-A5DD-AA4E38C6E04B}"
EndProject
Project("{9A19103F-16F7-4668-BE54-9A1E7A4F7556}") = "Playground", "tests\Playground\Playground.csproj", "{42B5F44B-A67E-44DF-968F-0E425C6F8BE5}"
EndProject
Project("{9A19103F-16F7-4668-BE54-9A1E7A4F7556}") = "Symptum.Core.SourceGenerators", "src\Symptum.Core.SourceGenerators\Symptum.Core.SourceGenerators.csproj", "{8CFD07E1-A509-462A-A568-00E6DEADCF07}"
EndProject
Project("{FAE04EC0-301F-11D3-BF4B-00C04F79EFBC}") = "Symptum.Editor.SourceGenerators", "src\Symptum.Editor.SourceGenerators\Symptum.Editor.SourceGenerators.csproj", "{581A06AB-1776-4673-8104-5E55DC4D77F7}"
EndProject
Project("{FAE04EC0-301F-11D3-BF4B-00C04F79EFBC}") = "Symptum.UI", "src\Symptum.UI\Symptum.UI.csproj", "{A4BC2540-9288-4723-BCC3-485E3C172AAB}"
EndProject
Global
	GlobalSection(SolutionConfigurationPlatforms) = preSolution
		Debug|Any CPU = Debug|Any CPU
		Debug|ARM64 = Debug|ARM64
		Debug|x64 = Debug|x64
		Debug|x86 = Debug|x86
		Release|Any CPU = Release|Any CPU
		Release|ARM64 = Release|ARM64
		Release|x64 = Release|x64
		Release|x86 = Release|x86
	EndGlobalSection
	GlobalSection(ProjectConfigurationPlatforms) = postSolution
		{7786E828-42BA-4AA0-9D4C-ED7161701D4C}.Debug|Any CPU.ActiveCfg = Debug|Any CPU
		{7786E828-42BA-4AA0-9D4C-ED7161701D4C}.Debug|Any CPU.Build.0 = Debug|Any CPU
		{7786E828-42BA-4AA0-9D4C-ED7161701D4C}.Debug|Any CPU.Deploy.0 = Debug|Any CPU
		{7786E828-42BA-4AA0-9D4C-ED7161701D4C}.Debug|ARM64.ActiveCfg = Debug|Any CPU
		{7786E828-42BA-4AA0-9D4C-ED7161701D4C}.Debug|ARM64.Build.0 = Debug|Any CPU
		{7786E828-42BA-4AA0-9D4C-ED7161701D4C}.Debug|ARM64.Deploy.0 = Debug|Any CPU
		{7786E828-42BA-4AA0-9D4C-ED7161701D4C}.Debug|x64.ActiveCfg = Debug|Any CPU
		{7786E828-42BA-4AA0-9D4C-ED7161701D4C}.Debug|x64.Build.0 = Debug|Any CPU
		{7786E828-42BA-4AA0-9D4C-ED7161701D4C}.Debug|x64.Deploy.0 = Debug|Any CPU
		{7786E828-42BA-4AA0-9D4C-ED7161701D4C}.Debug|x86.ActiveCfg = Debug|Any CPU
		{7786E828-42BA-4AA0-9D4C-ED7161701D4C}.Debug|x86.Build.0 = Debug|Any CPU
		{7786E828-42BA-4AA0-9D4C-ED7161701D4C}.Debug|x86.Deploy.0 = Debug|Any CPU
		{7786E828-42BA-4AA0-9D4C-ED7161701D4C}.Release|Any CPU.ActiveCfg = Release|Any CPU
		{7786E828-42BA-4AA0-9D4C-ED7161701D4C}.Release|Any CPU.Build.0 = Release|Any CPU
		{7786E828-42BA-4AA0-9D4C-ED7161701D4C}.Release|Any CPU.Deploy.0 = Release|Any CPU
		{7786E828-42BA-4AA0-9D4C-ED7161701D4C}.Release|ARM64.ActiveCfg = Release|Any CPU
		{7786E828-42BA-4AA0-9D4C-ED7161701D4C}.Release|ARM64.Build.0 = Release|Any CPU
		{7786E828-42BA-4AA0-9D4C-ED7161701D4C}.Release|ARM64.Deploy.0 = Release|Any CPU
		{7786E828-42BA-4AA0-9D4C-ED7161701D4C}.Release|x64.ActiveCfg = Release|Any CPU
		{7786E828-42BA-4AA0-9D4C-ED7161701D4C}.Release|x64.Build.0 = Release|Any CPU
		{7786E828-42BA-4AA0-9D4C-ED7161701D4C}.Release|x64.Deploy.0 = Release|Any CPU
		{7786E828-42BA-4AA0-9D4C-ED7161701D4C}.Release|x86.ActiveCfg = Release|Any CPU
		{7786E828-42BA-4AA0-9D4C-ED7161701D4C}.Release|x86.Build.0 = Release|Any CPU
		{7786E828-42BA-4AA0-9D4C-ED7161701D4C}.Release|x86.Deploy.0 = Release|Any CPU
		{A7D494D1-FCCB-4F99-9FEF-76742D2BF666}.Debug|Any CPU.ActiveCfg = Debug|Any CPU
		{A7D494D1-FCCB-4F99-9FEF-76742D2BF666}.Debug|Any CPU.Build.0 = Debug|Any CPU
		{A7D494D1-FCCB-4F99-9FEF-76742D2BF666}.Debug|Any CPU.Deploy.0 = Debug|Any CPU
		{A7D494D1-FCCB-4F99-9FEF-76742D2BF666}.Debug|ARM64.ActiveCfg = Debug|Any CPU
		{A7D494D1-FCCB-4F99-9FEF-76742D2BF666}.Debug|ARM64.Build.0 = Debug|Any CPU
		{A7D494D1-FCCB-4F99-9FEF-76742D2BF666}.Debug|ARM64.Deploy.0 = Debug|Any CPU
		{A7D494D1-FCCB-4F99-9FEF-76742D2BF666}.Debug|x64.ActiveCfg = Debug|Any CPU
		{A7D494D1-FCCB-4F99-9FEF-76742D2BF666}.Debug|x64.Build.0 = Debug|Any CPU
		{A7D494D1-FCCB-4F99-9FEF-76742D2BF666}.Debug|x64.Deploy.0 = Debug|Any CPU
		{A7D494D1-FCCB-4F99-9FEF-76742D2BF666}.Debug|x86.ActiveCfg = Debug|Any CPU
		{A7D494D1-FCCB-4F99-9FEF-76742D2BF666}.Debug|x86.Build.0 = Debug|Any CPU
		{A7D494D1-FCCB-4F99-9FEF-76742D2BF666}.Debug|x86.Deploy.0 = Debug|Any CPU
		{A7D494D1-FCCB-4F99-9FEF-76742D2BF666}.Release|Any CPU.ActiveCfg = Release|Any CPU
		{A7D494D1-FCCB-4F99-9FEF-76742D2BF666}.Release|Any CPU.Build.0 = Release|Any CPU
		{A7D494D1-FCCB-4F99-9FEF-76742D2BF666}.Release|Any CPU.Deploy.0 = Release|Any CPU
		{A7D494D1-FCCB-4F99-9FEF-76742D2BF666}.Release|ARM64.ActiveCfg = Release|Any CPU
		{A7D494D1-FCCB-4F99-9FEF-76742D2BF666}.Release|ARM64.Build.0 = Release|Any CPU
		{A7D494D1-FCCB-4F99-9FEF-76742D2BF666}.Release|ARM64.Deploy.0 = Release|Any CPU
		{A7D494D1-FCCB-4F99-9FEF-76742D2BF666}.Release|x64.ActiveCfg = Release|Any CPU
		{A7D494D1-FCCB-4F99-9FEF-76742D2BF666}.Release|x64.Build.0 = Release|Any CPU
		{A7D494D1-FCCB-4F99-9FEF-76742D2BF666}.Release|x64.Deploy.0 = Release|Any CPU
		{A7D494D1-FCCB-4F99-9FEF-76742D2BF666}.Release|x86.ActiveCfg = Release|Any CPU
		{A7D494D1-FCCB-4F99-9FEF-76742D2BF666}.Release|x86.Build.0 = Release|Any CPU
		{A7D494D1-FCCB-4F99-9FEF-76742D2BF666}.Release|x86.Deploy.0 = Release|Any CPU
		{FD017540-53DB-43A2-91F5-4F84FDED2840}.Debug|Any CPU.ActiveCfg = Debug|Any CPU
		{FD017540-53DB-43A2-91F5-4F84FDED2840}.Debug|Any CPU.Build.0 = Debug|Any CPU
		{FD017540-53DB-43A2-91F5-4F84FDED2840}.Debug|ARM64.ActiveCfg = Debug|Any CPU
		{FD017540-53DB-43A2-91F5-4F84FDED2840}.Debug|ARM64.Build.0 = Debug|Any CPU
		{FD017540-53DB-43A2-91F5-4F84FDED2840}.Debug|x64.ActiveCfg = Debug|Any CPU
		{FD017540-53DB-43A2-91F5-4F84FDED2840}.Debug|x64.Build.0 = Debug|Any CPU
		{FD017540-53DB-43A2-91F5-4F84FDED2840}.Debug|x86.ActiveCfg = Debug|Any CPU
		{FD017540-53DB-43A2-91F5-4F84FDED2840}.Debug|x86.Build.0 = Debug|Any CPU
		{FD017540-53DB-43A2-91F5-4F84FDED2840}.Release|Any CPU.ActiveCfg = Release|Any CPU
		{FD017540-53DB-43A2-91F5-4F84FDED2840}.Release|Any CPU.Build.0 = Release|Any CPU
		{FD017540-53DB-43A2-91F5-4F84FDED2840}.Release|ARM64.ActiveCfg = Release|Any CPU
		{FD017540-53DB-43A2-91F5-4F84FDED2840}.Release|ARM64.Build.0 = Release|Any CPU
		{FD017540-53DB-43A2-91F5-4F84FDED2840}.Release|x64.ActiveCfg = Release|Any CPU
		{FD017540-53DB-43A2-91F5-4F84FDED2840}.Release|x64.Build.0 = Release|Any CPU
		{FD017540-53DB-43A2-91F5-4F84FDED2840}.Release|x86.ActiveCfg = Release|Any CPU
		{FD017540-53DB-43A2-91F5-4F84FDED2840}.Release|x86.Build.0 = Release|Any CPU
		{4946C9EB-403A-4D70-A05D-BEA297160B92}.Debug|Any CPU.ActiveCfg = Debug|Any CPU
		{4946C9EB-403A-4D70-A05D-BEA297160B92}.Debug|Any CPU.Build.0 = Debug|Any CPU
		{4946C9EB-403A-4D70-A05D-BEA297160B92}.Debug|ARM64.ActiveCfg = Debug|Any CPU
		{4946C9EB-403A-4D70-A05D-BEA297160B92}.Debug|ARM64.Build.0 = Debug|Any CPU
		{4946C9EB-403A-4D70-A05D-BEA297160B92}.Debug|x64.ActiveCfg = Debug|Any CPU
		{4946C9EB-403A-4D70-A05D-BEA297160B92}.Debug|x64.Build.0 = Debug|Any CPU
		{4946C9EB-403A-4D70-A05D-BEA297160B92}.Debug|x86.ActiveCfg = Debug|Any CPU
		{4946C9EB-403A-4D70-A05D-BEA297160B92}.Debug|x86.Build.0 = Debug|Any CPU
		{4946C9EB-403A-4D70-A05D-BEA297160B92}.Release|Any CPU.ActiveCfg = Release|Any CPU
		{4946C9EB-403A-4D70-A05D-BEA297160B92}.Release|Any CPU.Build.0 = Release|Any CPU
		{4946C9EB-403A-4D70-A05D-BEA297160B92}.Release|ARM64.ActiveCfg = Release|Any CPU
		{4946C9EB-403A-4D70-A05D-BEA297160B92}.Release|ARM64.Build.0 = Release|Any CPU
		{4946C9EB-403A-4D70-A05D-BEA297160B92}.Release|x64.ActiveCfg = Release|Any CPU
		{4946C9EB-403A-4D70-A05D-BEA297160B92}.Release|x64.Build.0 = Release|Any CPU
		{4946C9EB-403A-4D70-A05D-BEA297160B92}.Release|x86.ActiveCfg = Release|Any CPU
		{4946C9EB-403A-4D70-A05D-BEA297160B92}.Release|x86.Build.0 = Release|Any CPU
		{3BD6C56B-73D1-4AA9-B39D-77E81F27BEBF}.Debug|Any CPU.ActiveCfg = Debug|Any CPU
		{3BD6C56B-73D1-4AA9-B39D-77E81F27BEBF}.Debug|Any CPU.Build.0 = Debug|Any CPU
		{3BD6C56B-73D1-4AA9-B39D-77E81F27BEBF}.Debug|ARM64.ActiveCfg = Debug|Any CPU
		{3BD6C56B-73D1-4AA9-B39D-77E81F27BEBF}.Debug|ARM64.Build.0 = Debug|Any CPU
		{3BD6C56B-73D1-4AA9-B39D-77E81F27BEBF}.Debug|x64.ActiveCfg = Debug|Any CPU
		{3BD6C56B-73D1-4AA9-B39D-77E81F27BEBF}.Debug|x64.Build.0 = Debug|Any CPU
		{3BD6C56B-73D1-4AA9-B39D-77E81F27BEBF}.Debug|x86.ActiveCfg = Debug|Any CPU
		{3BD6C56B-73D1-4AA9-B39D-77E81F27BEBF}.Debug|x86.Build.0 = Debug|Any CPU
		{3BD6C56B-73D1-4AA9-B39D-77E81F27BEBF}.Release|Any CPU.ActiveCfg = Release|Any CPU
		{3BD6C56B-73D1-4AA9-B39D-77E81F27BEBF}.Release|Any CPU.Build.0 = Release|Any CPU
		{3BD6C56B-73D1-4AA9-B39D-77E81F27BEBF}.Release|ARM64.ActiveCfg = Release|Any CPU
		{3BD6C56B-73D1-4AA9-B39D-77E81F27BEBF}.Release|ARM64.Build.0 = Release|Any CPU
		{3BD6C56B-73D1-4AA9-B39D-77E81F27BEBF}.Release|x64.ActiveCfg = Release|Any CPU
		{3BD6C56B-73D1-4AA9-B39D-77E81F27BEBF}.Release|x64.Build.0 = Release|Any CPU
		{3BD6C56B-73D1-4AA9-B39D-77E81F27BEBF}.Release|x86.ActiveCfg = Release|Any CPU
		{3BD6C56B-73D1-4AA9-B39D-77E81F27BEBF}.Release|x86.Build.0 = Release|Any CPU
		{E56D82F7-59EF-4E88-A5DD-AA4E38C6E04B}.Debug|Any CPU.ActiveCfg = Debug|Any CPU
		{E56D82F7-59EF-4E88-A5DD-AA4E38C6E04B}.Debug|Any CPU.Build.0 = Debug|Any CPU
		{E56D82F7-59EF-4E88-A5DD-AA4E38C6E04B}.Debug|ARM64.ActiveCfg = Debug|Any CPU
		{E56D82F7-59EF-4E88-A5DD-AA4E38C6E04B}.Debug|ARM64.Build.0 = Debug|Any CPU
		{E56D82F7-59EF-4E88-A5DD-AA4E38C6E04B}.Debug|x64.ActiveCfg = Debug|Any CPU
		{E56D82F7-59EF-4E88-A5DD-AA4E38C6E04B}.Debug|x64.Build.0 = Debug|Any CPU
		{E56D82F7-59EF-4E88-A5DD-AA4E38C6E04B}.Debug|x86.ActiveCfg = Debug|Any CPU
		{E56D82F7-59EF-4E88-A5DD-AA4E38C6E04B}.Debug|x86.Build.0 = Debug|Any CPU
		{E56D82F7-59EF-4E88-A5DD-AA4E38C6E04B}.Release|Any CPU.ActiveCfg = Release|Any CPU
		{E56D82F7-59EF-4E88-A5DD-AA4E38C6E04B}.Release|Any CPU.Build.0 = Release|Any CPU
		{E56D82F7-59EF-4E88-A5DD-AA4E38C6E04B}.Release|ARM64.ActiveCfg = Release|Any CPU
		{E56D82F7-59EF-4E88-A5DD-AA4E38C6E04B}.Release|ARM64.Build.0 = Release|Any CPU
		{E56D82F7-59EF-4E88-A5DD-AA4E38C6E04B}.Release|x64.ActiveCfg = Release|Any CPU
		{E56D82F7-59EF-4E88-A5DD-AA4E38C6E04B}.Release|x64.Build.0 = Release|Any CPU
		{E56D82F7-59EF-4E88-A5DD-AA4E38C6E04B}.Release|x86.ActiveCfg = Release|Any CPU
		{E56D82F7-59EF-4E88-A5DD-AA4E38C6E04B}.Release|x86.Build.0 = Release|Any CPU
		{42B5F44B-A67E-44DF-968F-0E425C6F8BE5}.Debug|Any CPU.ActiveCfg = Debug|Any CPU
		{42B5F44B-A67E-44DF-968F-0E425C6F8BE5}.Debug|Any CPU.Build.0 = Debug|Any CPU
		{42B5F44B-A67E-44DF-968F-0E425C6F8BE5}.Debug|ARM64.ActiveCfg = Debug|Any CPU
		{42B5F44B-A67E-44DF-968F-0E425C6F8BE5}.Debug|ARM64.Build.0 = Debug|Any CPU
		{42B5F44B-A67E-44DF-968F-0E425C6F8BE5}.Debug|x64.ActiveCfg = Debug|Any CPU
		{42B5F44B-A67E-44DF-968F-0E425C6F8BE5}.Debug|x64.Build.0 = Debug|Any CPU
		{42B5F44B-A67E-44DF-968F-0E425C6F8BE5}.Debug|x86.ActiveCfg = Debug|Any CPU
		{42B5F44B-A67E-44DF-968F-0E425C6F8BE5}.Debug|x86.Build.0 = Debug|Any CPU
		{42B5F44B-A67E-44DF-968F-0E425C6F8BE5}.Release|Any CPU.ActiveCfg = Release|Any CPU
		{42B5F44B-A67E-44DF-968F-0E425C6F8BE5}.Release|Any CPU.Build.0 = Release|Any CPU
		{42B5F44B-A67E-44DF-968F-0E425C6F8BE5}.Release|ARM64.ActiveCfg = Release|Any CPU
		{42B5F44B-A67E-44DF-968F-0E425C6F8BE5}.Release|ARM64.Build.0 = Release|Any CPU
		{42B5F44B-A67E-44DF-968F-0E425C6F8BE5}.Release|x64.ActiveCfg = Release|Any CPU
		{42B5F44B-A67E-44DF-968F-0E425C6F8BE5}.Release|x64.Build.0 = Release|Any CPU
		{42B5F44B-A67E-44DF-968F-0E425C6F8BE5}.Release|x86.ActiveCfg = Release|Any CPU
		{42B5F44B-A67E-44DF-968F-0E425C6F8BE5}.Release|x86.Build.0 = Release|Any CPU
		{8CFD07E1-A509-462A-A568-00E6DEADCF07}.Debug|Any CPU.ActiveCfg = Debug|Any CPU
		{8CFD07E1-A509-462A-A568-00E6DEADCF07}.Debug|Any CPU.Build.0 = Debug|Any CPU
		{8CFD07E1-A509-462A-A568-00E6DEADCF07}.Debug|ARM64.ActiveCfg = Debug|Any CPU
		{8CFD07E1-A509-462A-A568-00E6DEADCF07}.Debug|ARM64.Build.0 = Debug|Any CPU
		{8CFD07E1-A509-462A-A568-00E6DEADCF07}.Debug|x64.ActiveCfg = Debug|Any CPU
		{8CFD07E1-A509-462A-A568-00E6DEADCF07}.Debug|x64.Build.0 = Debug|Any CPU
		{8CFD07E1-A509-462A-A568-00E6DEADCF07}.Debug|x86.ActiveCfg = Debug|Any CPU
		{8CFD07E1-A509-462A-A568-00E6DEADCF07}.Debug|x86.Build.0 = Debug|Any CPU
		{8CFD07E1-A509-462A-A568-00E6DEADCF07}.Release|Any CPU.ActiveCfg = Release|Any CPU
		{8CFD07E1-A509-462A-A568-00E6DEADCF07}.Release|Any CPU.Build.0 = Release|Any CPU
		{8CFD07E1-A509-462A-A568-00E6DEADCF07}.Release|ARM64.ActiveCfg = Release|Any CPU
		{8CFD07E1-A509-462A-A568-00E6DEADCF07}.Release|ARM64.Build.0 = Release|Any CPU
		{8CFD07E1-A509-462A-A568-00E6DEADCF07}.Release|x64.ActiveCfg = Release|Any CPU
		{8CFD07E1-A509-462A-A568-00E6DEADCF07}.Release|x64.Build.0 = Release|Any CPU
		{8CFD07E1-A509-462A-A568-00E6DEADCF07}.Release|x86.ActiveCfg = Release|Any CPU
		{8CFD07E1-A509-462A-A568-00E6DEADCF07}.Release|x86.Build.0 = Release|Any CPU
		{581A06AB-1776-4673-8104-5E55DC4D77F7}.Debug|Any CPU.ActiveCfg = Debug|Any CPU
		{581A06AB-1776-4673-8104-5E55DC4D77F7}.Debug|Any CPU.Build.0 = Debug|Any CPU
		{581A06AB-1776-4673-8104-5E55DC4D77F7}.Debug|ARM64.ActiveCfg = Debug|Any CPU
		{581A06AB-1776-4673-8104-5E55DC4D77F7}.Debug|ARM64.Build.0 = Debug|Any CPU
		{581A06AB-1776-4673-8104-5E55DC4D77F7}.Debug|x64.ActiveCfg = Debug|Any CPU
		{581A06AB-1776-4673-8104-5E55DC4D77F7}.Debug|x64.Build.0 = Debug|Any CPU
		{581A06AB-1776-4673-8104-5E55DC4D77F7}.Debug|x86.ActiveCfg = Debug|Any CPU
		{581A06AB-1776-4673-8104-5E55DC4D77F7}.Debug|x86.Build.0 = Debug|Any CPU
		{581A06AB-1776-4673-8104-5E55DC4D77F7}.Release|Any CPU.ActiveCfg = Release|Any CPU
		{581A06AB-1776-4673-8104-5E55DC4D77F7}.Release|Any CPU.Build.0 = Release|Any CPU
		{581A06AB-1776-4673-8104-5E55DC4D77F7}.Release|ARM64.ActiveCfg = Release|Any CPU
		{581A06AB-1776-4673-8104-5E55DC4D77F7}.Release|ARM64.Build.0 = Release|Any CPU
		{581A06AB-1776-4673-8104-5E55DC4D77F7}.Release|x64.ActiveCfg = Release|Any CPU
		{581A06AB-1776-4673-8104-5E55DC4D77F7}.Release|x64.Build.0 = Release|Any CPU
		{581A06AB-1776-4673-8104-5E55DC4D77F7}.Release|x86.ActiveCfg = Release|Any CPU
		{581A06AB-1776-4673-8104-5E55DC4D77F7}.Release|x86.Build.0 = Release|Any CPU
		{A4BC2540-9288-4723-BCC3-485E3C172AAB}.Debug|Any CPU.ActiveCfg = Debug|Any CPU
		{A4BC2540-9288-4723-BCC3-485E3C172AAB}.Debug|Any CPU.Build.0 = Debug|Any CPU
		{A4BC2540-9288-4723-BCC3-485E3C172AAB}.Debug|ARM64.ActiveCfg = Debug|Any CPU
		{A4BC2540-9288-4723-BCC3-485E3C172AAB}.Debug|ARM64.Build.0 = Debug|Any CPU
		{A4BC2540-9288-4723-BCC3-485E3C172AAB}.Debug|x64.ActiveCfg = Debug|Any CPU
		{A4BC2540-9288-4723-BCC3-485E3C172AAB}.Debug|x64.Build.0 = Debug|Any CPU
		{A4BC2540-9288-4723-BCC3-485E3C172AAB}.Debug|x86.ActiveCfg = Debug|Any CPU
		{A4BC2540-9288-4723-BCC3-485E3C172AAB}.Debug|x86.Build.0 = Debug|Any CPU
		{A4BC2540-9288-4723-BCC3-485E3C172AAB}.Release|Any CPU.ActiveCfg = Release|Any CPU
		{A4BC2540-9288-4723-BCC3-485E3C172AAB}.Release|Any CPU.Build.0 = Release|Any CPU
		{A4BC2540-9288-4723-BCC3-485E3C172AAB}.Release|ARM64.ActiveCfg = Release|Any CPU
		{A4BC2540-9288-4723-BCC3-485E3C172AAB}.Release|ARM64.Build.0 = Release|Any CPU
		{A4BC2540-9288-4723-BCC3-485E3C172AAB}.Release|x64.ActiveCfg = Release|Any CPU
		{A4BC2540-9288-4723-BCC3-485E3C172AAB}.Release|x64.Build.0 = Release|Any CPU
		{A4BC2540-9288-4723-BCC3-485E3C172AAB}.Release|x86.ActiveCfg = Release|Any CPU
		{A4BC2540-9288-4723-BCC3-485E3C172AAB}.Release|x86.Build.0 = Release|Any CPU
	EndGlobalSection
	GlobalSection(SolutionProperties) = preSolution
		HideSolutionNode = FALSE
	EndGlobalSection
	GlobalSection(NestedProjects) = preSolution
		{7786E828-42BA-4AA0-9D4C-ED7161701D4C} = {832124A0-8184-48DC-A66D-E8B6106F68C2}
		{A7D494D1-FCCB-4F99-9FEF-76742D2BF666} = {832124A0-8184-48DC-A66D-E8B6106F68C2}
		{FD017540-53DB-43A2-91F5-4F84FDED2840} = {832124A0-8184-48DC-A66D-E8B6106F68C2}
		{4946C9EB-403A-4D70-A05D-BEA297160B92} = {832124A0-8184-48DC-A66D-E8B6106F68C2}
		{3BD6C56B-73D1-4AA9-B39D-77E81F27BEBF} = {832124A0-8184-48DC-A66D-E8B6106F68C2}
		{E56D82F7-59EF-4E88-A5DD-AA4E38C6E04B} = {106EE3C2-3796-4F0F-B5B9-67569B46AB40}
		{42B5F44B-A67E-44DF-968F-0E425C6F8BE5} = {106EE3C2-3796-4F0F-B5B9-67569B46AB40}
		{8CFD07E1-A509-462A-A568-00E6DEADCF07} = {832124A0-8184-48DC-A66D-E8B6106F68C2}
		{581A06AB-1776-4673-8104-5E55DC4D77F7} = {832124A0-8184-48DC-A66D-E8B6106F68C2}
		{A4BC2540-9288-4723-BCC3-485E3C172AAB} = {832124A0-8184-48DC-A66D-E8B6106F68C2}
	EndGlobalSection
	GlobalSection(ExtensibilityGlobals) = postSolution
		SolutionGuid = {82DC91FF-5CA7-40EF-9E24-FB9538FFEC75}
	EndGlobalSection
EndGlobal
