
Microsoft Visual Studio Solution File, Format Version 12.00
# Visual Studio Version 17
VisualStudioVersion = 17.8.34212.112
MinimumVisualStudioVersion = 10.0.40219.1
Project("{2150E333-8FDC-42A3-9474-1A3956D46DE8}") = "src", "src", "{832124A0-8184-48DC-A66D-E8B6106F68C2}"
EndProject
Project("{9A19103F-16F7-4668-BE54-9A1E7A4F7556}") = "Symptum.Core", "src\Symptum.Core\Symptum.Core.csproj", "{5ED0736D-40A6-46B7-9A05-423BAE4C57B6}"
EndProject
Project("{2150E333-8FDC-42A3-9474-1A3956D46DE8}") = "Editor", "Editor", "{2FBEFDF0-C417-4004-806F-5D7775A22B01}"
EndProject
Project("{2150E333-8FDC-42A3-9474-1A3956D46DE8}") = "Platforms", "Platforms", "{54B44622-5CA3-4A4A-A5E3-FCC96D91B1AD}"
EndProject
Project("{9A19103F-16F7-4668-BE54-9A1E7A4F7556}") = "Symptum.Editor", "src\Symptum.Editor\Symptum.Editor\Symptum.Editor.csproj", "{9F24BD63-7A16-4C9E-8C8D-E09B363698B8}"
EndProject
Project("{9A19103F-16F7-4668-BE54-9A1E7A4F7556}") = "Symptum.Editor.Shared", "src\Symptum.Editor\Symptum.Editor.Shared\Symptum.Editor.Shared.csproj", "{967DCA1F-A16B-404A-8480-8EC2D8DD29B3}"
EndProject
Project("{9A19103F-16F7-4668-BE54-9A1E7A4F7556}") = "Symptum.Editor.Windows", "src\Symptum.Editor\Symptum.Editor.Windows\Symptum.Editor.Windows.csproj", "{D1FFFA20-D52B-42DE-8D78-48AA76ECAF66}"
EndProject
Project("{9A19103F-16F7-4668-BE54-9A1E7A4F7556}") = "Symptum.Editor.Wasm", "src\Symptum.Editor\Symptum.Editor.Wasm\Symptum.Editor.Wasm.csproj", "{A26589C9-2C9A-4567-BA0D-B9039E14E0B1}"
EndProject
Project("{9A19103F-16F7-4668-BE54-9A1E7A4F7556}") = "Symptum.Editor.Skia.WPF", "src\Symptum.Editor\Symptum.Editor.Skia.WPF\Symptum.Editor.Skia.WPF.csproj", "{335E2852-CE53-4FCA-A5EB-392BE718E93B}"
EndProject
Project("{9A19103F-16F7-4668-BE54-9A1E7A4F7556}") = "Symptum.Editor.Skia.Gtk", "src\Symptum.Editor\Symptum.Editor.Skia.Gtk\Symptum.Editor.Skia.Gtk.csproj", "{83AE914D-B6BF-43E0-9C9E-E55EC930032B}"
EndProject
Project("{9A19103F-16F7-4668-BE54-9A1E7A4F7556}") = "Symptum.Editor.Mobile", "src\Symptum.Editor\Symptum.Editor.Mobile\Symptum.Editor.Mobile.csproj", "{675A9949-049B-40CD-8A20-0AF1BE2DF3A5}"
EndProject
Project("{2150E333-8FDC-42A3-9474-1A3956D46DE8}") = "Backend", "Backend", "{43ED09A4-38BA-44B2-9F03-A0C09D00D41B}"
EndProject
Project("{9A19103F-16F7-4668-BE54-9A1E7A4F7556}") = "Symptum.Editor.Server", "src\Symptum.Editor\Symptum.Editor.Server\Symptum.Editor.Server.csproj", "{67D95D40-83BD-4321-B889-413C5171D3E2}"
EndProject
Project("{2150E333-8FDC-42A3-9474-1A3956D46DE8}") = "Main", "Main", "{F7037B3F-F0D6-4B21-8E1E-D0A5CFE21BC3}"
EndProject
Project("{2150E333-8FDC-42A3-9474-1A3956D46DE8}") = "Solution Items", "Solution Items", "{F547E6CF-BDD1-4C3F-9985-1F89113C7274}"
	ProjectSection(SolutionItems) = preProject
		Directory.Build.props = Directory.Build.props
		Directory.Build.targets = Directory.Build.targets
		Directory.Packages.props = Directory.Packages.props
		global.json = global.json
		LICENSE = LICENSE
		nuget.config = nuget.config
		README.md = README.md
	EndProjectSection
EndProject
Project("{2150E333-8FDC-42A3-9474-1A3956D46DE8}") = "Backend", "Backend", "{5FB90044-1A14-4A88-9759-B36C25E86552}"
EndProject
Project("{2150E333-8FDC-42A3-9474-1A3956D46DE8}") = "Platforms", "Platforms", "{715FF76E-DC84-4104-ABFC-112570D006FA}"
EndProject
Project("{9A19103F-16F7-4668-BE54-9A1E7A4F7556}") = "Symptum.Server", "src\Symptum\Symptum.Server\Symptum.Server.csproj", "{DF956FD3-254B-4F4F-8F63-797539B2F56E}"
EndProject
Project("{9A19103F-16F7-4668-BE54-9A1E7A4F7556}") = "Symptum.Mobile", "src\Symptum\Symptum.Mobile\Symptum.Mobile.csproj", "{143B5821-0B2A-45E4-B3AE-DB985D502E08}"
EndProject
Project("{9A19103F-16F7-4668-BE54-9A1E7A4F7556}") = "Symptum.Shared", "src\Symptum\Symptum.Shared\Symptum.Shared.csproj", "{61F11680-64F9-4423-ABC1-FF149CE669B9}"
EndProject
Project("{9A19103F-16F7-4668-BE54-9A1E7A4F7556}") = "Symptum.Skia.Gtk", "src\Symptum\Symptum.Skia.Gtk\Symptum.Skia.Gtk.csproj", "{CB73F946-8234-4B0F-B337-71684EC3046C}"
EndProject
Project("{9A19103F-16F7-4668-BE54-9A1E7A4F7556}") = "Symptum.Skia.WPF", "src\Symptum\Symptum.Skia.WPF\Symptum.Skia.WPF.csproj", "{0A57E06B-57D6-475A-8386-48646AD4211D}"
EndProject
Project("{9A19103F-16F7-4668-BE54-9A1E7A4F7556}") = "Symptum.Wasm", "src\Symptum\Symptum.Wasm\Symptum.Wasm.csproj", "{860C5B02-F2B1-4C08-B01B-ACD510FB13FA}"
EndProject
Project("{9A19103F-16F7-4668-BE54-9A1E7A4F7556}") = "Symptum.Windows", "src\Symptum\Symptum.Windows\Symptum.Windows.csproj", "{61B1A285-656C-4E22-8FF9-356F6160E331}"
EndProject
Project("{9A19103F-16F7-4668-BE54-9A1E7A4F7556}") = "Symptum", "src\Symptum\Symptum\Symptum.csproj", "{2D0AC627-7E70-4870-8F16-238DD4CFD8F9}"
EndProject
Global
	GlobalSection(SolutionConfigurationPlatforms) = preSolution
		Debug|Any CPU = Debug|Any CPU
		Debug|ARM64 = Debug|ARM64
		Debug|x64 = Debug|x64
		Debug|x86 = Debug|x86
		Release|Any CPU = Release|Any CPU
		Release|ARM64 = Release|ARM64
		Release|x64 = Release|x64
		Release|x86 = Release|x86
	EndGlobalSection
	GlobalSection(ProjectConfigurationPlatforms) = postSolution
		{5ED0736D-40A6-46B7-9A05-423BAE4C57B6}.Debug|Any CPU.ActiveCfg = Debug|Any CPU
		{5ED0736D-40A6-46B7-9A05-423BAE4C57B6}.Debug|Any CPU.Build.0 = Debug|Any CPU
		{5ED0736D-40A6-46B7-9A05-423BAE4C57B6}.Debug|ARM64.ActiveCfg = Debug|Any CPU
		{5ED0736D-40A6-46B7-9A05-423BAE4C57B6}.Debug|ARM64.Build.0 = Debug|Any CPU
		{5ED0736D-40A6-46B7-9A05-423BAE4C57B6}.Debug|x64.ActiveCfg = Debug|Any CPU
		{5ED0736D-40A6-46B7-9A05-423BAE4C57B6}.Debug|x64.Build.0 = Debug|Any CPU
		{5ED0736D-40A6-46B7-9A05-423BAE4C57B6}.Debug|x86.ActiveCfg = Debug|Any CPU
		{5ED0736D-40A6-46B7-9A05-423BAE4C57B6}.Debug|x86.Build.0 = Debug|Any CPU
		{5ED0736D-40A6-46B7-9A05-423BAE4C57B6}.Release|Any CPU.ActiveCfg = Release|Any CPU
		{5ED0736D-40A6-46B7-9A05-423BAE4C57B6}.Release|Any CPU.Build.0 = Release|Any CPU
		{5ED0736D-40A6-46B7-9A05-423BAE4C57B6}.Release|ARM64.ActiveCfg = Release|Any CPU
		{5ED0736D-40A6-46B7-9A05-423BAE4C57B6}.Release|ARM64.Build.0 = Release|Any CPU
		{5ED0736D-40A6-46B7-9A05-423BAE4C57B6}.Release|x64.ActiveCfg = Release|Any CPU
		{5ED0736D-40A6-46B7-9A05-423BAE4C57B6}.Release|x64.Build.0 = Release|Any CPU
		{5ED0736D-40A6-46B7-9A05-423BAE4C57B6}.Release|x86.ActiveCfg = Release|Any CPU
		{5ED0736D-40A6-46B7-9A05-423BAE4C57B6}.Release|x86.Build.0 = Release|Any CPU
		{9F24BD63-7A16-4C9E-8C8D-E09B363698B8}.Debug|Any CPU.ActiveCfg = Debug|Any CPU
		{9F24BD63-7A16-4C9E-8C8D-E09B363698B8}.Debug|Any CPU.Build.0 = Debug|Any CPU
		{9F24BD63-7A16-4C9E-8C8D-E09B363698B8}.Debug|ARM64.ActiveCfg = Debug|Any CPU
		{9F24BD63-7A16-4C9E-8C8D-E09B363698B8}.Debug|ARM64.Build.0 = Debug|Any CPU
		{9F24BD63-7A16-4C9E-8C8D-E09B363698B8}.Debug|x64.ActiveCfg = Debug|Any CPU
		{9F24BD63-7A16-4C9E-8C8D-E09B363698B8}.Debug|x64.Build.0 = Debug|Any CPU
		{9F24BD63-7A16-4C9E-8C8D-E09B363698B8}.Debug|x86.ActiveCfg = Debug|Any CPU
		{9F24BD63-7A16-4C9E-8C8D-E09B363698B8}.Debug|x86.Build.0 = Debug|Any CPU
		{9F24BD63-7A16-4C9E-8C8D-E09B363698B8}.Release|Any CPU.ActiveCfg = Release|Any CPU
		{9F24BD63-7A16-4C9E-8C8D-E09B363698B8}.Release|Any CPU.Build.0 = Release|Any CPU
		{9F24BD63-7A16-4C9E-8C8D-E09B363698B8}.Release|ARM64.ActiveCfg = Release|Any CPU
		{9F24BD63-7A16-4C9E-8C8D-E09B363698B8}.Release|ARM64.Build.0 = Release|Any CPU
		{9F24BD63-7A16-4C9E-8C8D-E09B363698B8}.Release|x64.ActiveCfg = Release|Any CPU
		{9F24BD63-7A16-4C9E-8C8D-E09B363698B8}.Release|x64.Build.0 = Release|Any CPU
		{9F24BD63-7A16-4C9E-8C8D-E09B363698B8}.Release|x86.ActiveCfg = Release|Any CPU
		{9F24BD63-7A16-4C9E-8C8D-E09B363698B8}.Release|x86.Build.0 = Release|Any CPU
		{967DCA1F-A16B-404A-8480-8EC2D8DD29B3}.Debug|Any CPU.ActiveCfg = Debug|Any CPU
		{967DCA1F-A16B-404A-8480-8EC2D8DD29B3}.Debug|Any CPU.Build.0 = Debug|Any CPU
		{967DCA1F-A16B-404A-8480-8EC2D8DD29B3}.Debug|ARM64.ActiveCfg = Debug|Any CPU
		{967DCA1F-A16B-404A-8480-8EC2D8DD29B3}.Debug|ARM64.Build.0 = Debug|Any CPU
		{967DCA1F-A16B-404A-8480-8EC2D8DD29B3}.Debug|x64.ActiveCfg = Debug|Any CPU
		{967DCA1F-A16B-404A-8480-8EC2D8DD29B3}.Debug|x64.Build.0 = Debug|Any CPU
		{967DCA1F-A16B-404A-8480-8EC2D8DD29B3}.Debug|x86.ActiveCfg = Debug|Any CPU
		{967DCA1F-A16B-404A-8480-8EC2D8DD29B3}.Debug|x86.Build.0 = Debug|Any CPU
		{967DCA1F-A16B-404A-8480-8EC2D8DD29B3}.Release|Any CPU.ActiveCfg = Release|Any CPU
		{967DCA1F-A16B-404A-8480-8EC2D8DD29B3}.Release|Any CPU.Build.0 = Release|Any CPU
		{967DCA1F-A16B-404A-8480-8EC2D8DD29B3}.Release|ARM64.ActiveCfg = Release|Any CPU
		{967DCA1F-A16B-404A-8480-8EC2D8DD29B3}.Release|ARM64.Build.0 = Release|Any CPU
		{967DCA1F-A16B-404A-8480-8EC2D8DD29B3}.Release|x64.ActiveCfg = Release|Any CPU
		{967DCA1F-A16B-404A-8480-8EC2D8DD29B3}.Release|x64.Build.0 = Release|Any CPU
		{967DCA1F-A16B-404A-8480-8EC2D8DD29B3}.Release|x86.ActiveCfg = Release|Any CPU
		{967DCA1F-A16B-404A-8480-8EC2D8DD29B3}.Release|x86.Build.0 = Release|Any CPU
		{D1FFFA20-D52B-42DE-8D78-48AA76ECAF66}.Debug|Any CPU.ActiveCfg = Debug|x64
		{D1FFFA20-D52B-42DE-8D78-48AA76ECAF66}.Debug|Any CPU.Build.0 = Debug|x64
		{D1FFFA20-D52B-42DE-8D78-48AA76ECAF66}.Debug|Any CPU.Deploy.0 = Debug|x64
		{D1FFFA20-D52B-42DE-8D78-48AA76ECAF66}.Debug|ARM64.ActiveCfg = Debug|arm64
		{D1FFFA20-D52B-42DE-8D78-48AA76ECAF66}.Debug|ARM64.Build.0 = Debug|arm64
		{D1FFFA20-D52B-42DE-8D78-48AA76ECAF66}.Debug|ARM64.Deploy.0 = Debug|arm64
		{D1FFFA20-D52B-42DE-8D78-48AA76ECAF66}.Debug|x64.ActiveCfg = Debug|x64
		{D1FFFA20-D52B-42DE-8D78-48AA76ECAF66}.Debug|x64.Build.0 = Debug|x64
		{D1FFFA20-D52B-42DE-8D78-48AA76ECAF66}.Debug|x64.Deploy.0 = Debug|x64
		{D1FFFA20-D52B-42DE-8D78-48AA76ECAF66}.Debug|x86.ActiveCfg = Debug|x86
		{D1FFFA20-D52B-42DE-8D78-48AA76ECAF66}.Debug|x86.Build.0 = Debug|x86
		{D1FFFA20-D52B-42DE-8D78-48AA76ECAF66}.Debug|x86.Deploy.0 = Debug|x86
		{D1FFFA20-D52B-42DE-8D78-48AA76ECAF66}.Release|Any CPU.ActiveCfg = Release|x64
		{D1FFFA20-D52B-42DE-8D78-48AA76ECAF66}.Release|Any CPU.Build.0 = Release|x64
		{D1FFFA20-D52B-42DE-8D78-48AA76ECAF66}.Release|Any CPU.Deploy.0 = Release|x64
		{D1FFFA20-D52B-42DE-8D78-48AA76ECAF66}.Release|ARM64.ActiveCfg = Release|arm64
		{D1FFFA20-D52B-42DE-8D78-48AA76ECAF66}.Release|ARM64.Build.0 = Release|arm64
		{D1FFFA20-D52B-42DE-8D78-48AA76ECAF66}.Release|ARM64.Deploy.0 = Release|arm64
		{D1FFFA20-D52B-42DE-8D78-48AA76ECAF66}.Release|x64.ActiveCfg = Release|x64
		{D1FFFA20-D52B-42DE-8D78-48AA76ECAF66}.Release|x64.Build.0 = Release|x64
		{D1FFFA20-D52B-42DE-8D78-48AA76ECAF66}.Release|x64.Deploy.0 = Release|x64
		{D1FFFA20-D52B-42DE-8D78-48AA76ECAF66}.Release|x86.ActiveCfg = Release|x86
		{D1FFFA20-D52B-42DE-8D78-48AA76ECAF66}.Release|x86.Build.0 = Release|x86
		{D1FFFA20-D52B-42DE-8D78-48AA76ECAF66}.Release|x86.Deploy.0 = Release|x86
		{A26589C9-2C9A-4567-BA0D-B9039E14E0B1}.Debug|Any CPU.ActiveCfg = Debug|Any CPU
		{A26589C9-2C9A-4567-BA0D-B9039E14E0B1}.Debug|Any CPU.Build.0 = Debug|Any CPU
		{A26589C9-2C9A-4567-BA0D-B9039E14E0B1}.Debug|ARM64.ActiveCfg = Debug|Any CPU
		{A26589C9-2C9A-4567-BA0D-B9039E14E0B1}.Debug|ARM64.Build.0 = Debug|Any CPU
		{A26589C9-2C9A-4567-BA0D-B9039E14E0B1}.Debug|x64.ActiveCfg = Debug|Any CPU
		{A26589C9-2C9A-4567-BA0D-B9039E14E0B1}.Debug|x64.Build.0 = Debug|Any CPU
		{A26589C9-2C9A-4567-BA0D-B9039E14E0B1}.Debug|x86.ActiveCfg = Debug|Any CPU
		{A26589C9-2C9A-4567-BA0D-B9039E14E0B1}.Debug|x86.Build.0 = Debug|Any CPU
		{A26589C9-2C9A-4567-BA0D-B9039E14E0B1}.Release|Any CPU.ActiveCfg = Release|Any CPU
		{A26589C9-2C9A-4567-BA0D-B9039E14E0B1}.Release|Any CPU.Build.0 = Release|Any CPU
		{A26589C9-2C9A-4567-BA0D-B9039E14E0B1}.Release|ARM64.ActiveCfg = Release|Any CPU
		{A26589C9-2C9A-4567-BA0D-B9039E14E0B1}.Release|ARM64.Build.0 = Release|Any CPU
		{A26589C9-2C9A-4567-BA0D-B9039E14E0B1}.Release|x64.ActiveCfg = Release|Any CPU
		{A26589C9-2C9A-4567-BA0D-B9039E14E0B1}.Release|x64.Build.0 = Release|Any CPU
		{A26589C9-2C9A-4567-BA0D-B9039E14E0B1}.Release|x86.ActiveCfg = Release|Any CPU
		{A26589C9-2C9A-4567-BA0D-B9039E14E0B1}.Release|x86.Build.0 = Release|Any CPU
		{335E2852-CE53-4FCA-A5EB-392BE718E93B}.Debug|Any CPU.ActiveCfg = Debug|Any CPU
		{335E2852-CE53-4FCA-A5EB-392BE718E93B}.Debug|Any CPU.Build.0 = Debug|Any CPU
		{335E2852-CE53-4FCA-A5EB-392BE718E93B}.Debug|ARM64.ActiveCfg = Debug|Any CPU
		{335E2852-CE53-4FCA-A5EB-392BE718E93B}.Debug|ARM64.Build.0 = Debug|Any CPU
		{335E2852-CE53-4FCA-A5EB-392BE718E93B}.Debug|x64.ActiveCfg = Debug|Any CPU
		{335E2852-CE53-4FCA-A5EB-392BE718E93B}.Debug|x64.Build.0 = Debug|Any CPU
		{335E2852-CE53-4FCA-A5EB-392BE718E93B}.Debug|x86.ActiveCfg = Debug|Any CPU
		{335E2852-CE53-4FCA-A5EB-392BE718E93B}.Debug|x86.Build.0 = Debug|Any CPU
		{335E2852-CE53-4FCA-A5EB-392BE718E93B}.Release|Any CPU.ActiveCfg = Release|Any CPU
		{335E2852-CE53-4FCA-A5EB-392BE718E93B}.Release|Any CPU.Build.0 = Release|Any CPU
		{335E2852-CE53-4FCA-A5EB-392BE718E93B}.Release|ARM64.ActiveCfg = Release|Any CPU
		{335E2852-CE53-4FCA-A5EB-392BE718E93B}.Release|ARM64.Build.0 = Release|Any CPU
		{335E2852-CE53-4FCA-A5EB-392BE718E93B}.Release|x64.ActiveCfg = Release|Any CPU
		{335E2852-CE53-4FCA-A5EB-392BE718E93B}.Release|x64.Build.0 = Release|Any CPU
		{335E2852-CE53-4FCA-A5EB-392BE718E93B}.Release|x86.ActiveCfg = Release|Any CPU
		{335E2852-CE53-4FCA-A5EB-392BE718E93B}.Release|x86.Build.0 = Release|Any CPU
		{83AE914D-B6BF-43E0-9C9E-E55EC930032B}.Debug|Any CPU.ActiveCfg = Debug|Any CPU
		{83AE914D-B6BF-43E0-9C9E-E55EC930032B}.Debug|Any CPU.Build.0 = Debug|Any CPU
		{83AE914D-B6BF-43E0-9C9E-E55EC930032B}.Debug|ARM64.ActiveCfg = Debug|Any CPU
		{83AE914D-B6BF-43E0-9C9E-E55EC930032B}.Debug|ARM64.Build.0 = Debug|Any CPU
		{83AE914D-B6BF-43E0-9C9E-E55EC930032B}.Debug|x64.ActiveCfg = Debug|Any CPU
		{83AE914D-B6BF-43E0-9C9E-E55EC930032B}.Debug|x64.Build.0 = Debug|Any CPU
		{83AE914D-B6BF-43E0-9C9E-E55EC930032B}.Debug|x86.ActiveCfg = Debug|Any CPU
		{83AE914D-B6BF-43E0-9C9E-E55EC930032B}.Debug|x86.Build.0 = Debug|Any CPU
		{83AE914D-B6BF-43E0-9C9E-E55EC930032B}.Release|Any CPU.ActiveCfg = Release|Any CPU
		{83AE914D-B6BF-43E0-9C9E-E55EC930032B}.Release|Any CPU.Build.0 = Release|Any CPU
		{83AE914D-B6BF-43E0-9C9E-E55EC930032B}.Release|ARM64.ActiveCfg = Release|Any CPU
		{83AE914D-B6BF-43E0-9C9E-E55EC930032B}.Release|ARM64.Build.0 = Release|Any CPU
		{83AE914D-B6BF-43E0-9C9E-E55EC930032B}.Release|x64.ActiveCfg = Release|Any CPU
		{83AE914D-B6BF-43E0-9C9E-E55EC930032B}.Release|x64.Build.0 = Release|Any CPU
		{83AE914D-B6BF-43E0-9C9E-E55EC930032B}.Release|x86.ActiveCfg = Release|Any CPU
		{83AE914D-B6BF-43E0-9C9E-E55EC930032B}.Release|x86.Build.0 = Release|Any CPU
		{675A9949-049B-40CD-8A20-0AF1BE2DF3A5}.Debug|Any CPU.ActiveCfg = Debug|Any CPU
		{675A9949-049B-40CD-8A20-0AF1BE2DF3A5}.Debug|Any CPU.Build.0 = Debug|Any CPU
		{675A9949-049B-40CD-8A20-0AF1BE2DF3A5}.Debug|Any CPU.Deploy.0 = Debug|Any CPU
		{675A9949-049B-40CD-8A20-0AF1BE2DF3A5}.Debug|ARM64.ActiveCfg = Debug|Any CPU
		{675A9949-049B-40CD-8A20-0AF1BE2DF3A5}.Debug|ARM64.Build.0 = Debug|Any CPU
		{675A9949-049B-40CD-8A20-0AF1BE2DF3A5}.Debug|ARM64.Deploy.0 = Debug|Any CPU
		{675A9949-049B-40CD-8A20-0AF1BE2DF3A5}.Debug|x64.ActiveCfg = Debug|Any CPU
		{675A9949-049B-40CD-8A20-0AF1BE2DF3A5}.Debug|x64.Build.0 = Debug|Any CPU
		{675A9949-049B-40CD-8A20-0AF1BE2DF3A5}.Debug|x64.Deploy.0 = Debug|Any CPU
		{675A9949-049B-40CD-8A20-0AF1BE2DF3A5}.Debug|x86.ActiveCfg = Debug|Any CPU
		{675A9949-049B-40CD-8A20-0AF1BE2DF3A5}.Debug|x86.Build.0 = Debug|Any CPU
		{675A9949-049B-40CD-8A20-0AF1BE2DF3A5}.Debug|x86.Deploy.0 = Debug|Any CPU
		{675A9949-049B-40CD-8A20-0AF1BE2DF3A5}.Release|Any CPU.ActiveCfg = Release|Any CPU
		{675A9949-049B-40CD-8A20-0AF1BE2DF3A5}.Release|Any CPU.Build.0 = Release|Any CPU
		{675A9949-049B-40CD-8A20-0AF1BE2DF3A5}.Release|Any CPU.Deploy.0 = Release|Any CPU
		{675A9949-049B-40CD-8A20-0AF1BE2DF3A5}.Release|ARM64.ActiveCfg = Release|Any CPU
		{675A9949-049B-40CD-8A20-0AF1BE2DF3A5}.Release|ARM64.Build.0 = Release|Any CPU
		{675A9949-049B-40CD-8A20-0AF1BE2DF3A5}.Release|ARM64.Deploy.0 = Release|Any CPU
		{675A9949-049B-40CD-8A20-0AF1BE2DF3A5}.Release|x64.ActiveCfg = Release|Any CPU
		{675A9949-049B-40CD-8A20-0AF1BE2DF3A5}.Release|x64.Build.0 = Release|Any CPU
		{675A9949-049B-40CD-8A20-0AF1BE2DF3A5}.Release|x64.Deploy.0 = Release|Any CPU
		{675A9949-049B-40CD-8A20-0AF1BE2DF3A5}.Release|x86.ActiveCfg = Release|Any CPU
		{675A9949-049B-40CD-8A20-0AF1BE2DF3A5}.Release|x86.Build.0 = Release|Any CPU
		{675A9949-049B-40CD-8A20-0AF1BE2DF3A5}.Release|x86.Deploy.0 = Release|Any CPU
		{67D95D40-83BD-4321-B889-413C5171D3E2}.Debug|Any CPU.ActiveCfg = Debug|Any CPU
		{67D95D40-83BD-4321-B889-413C5171D3E2}.Debug|Any CPU.Build.0 = Debug|Any CPU
		{67D95D40-83BD-4321-B889-413C5171D3E2}.Debug|ARM64.ActiveCfg = Debug|Any CPU
		{67D95D40-83BD-4321-B889-413C5171D3E2}.Debug|ARM64.Build.0 = Debug|Any CPU
		{67D95D40-83BD-4321-B889-413C5171D3E2}.Debug|x64.ActiveCfg = Debug|Any CPU
		{67D95D40-83BD-4321-B889-413C5171D3E2}.Debug|x64.Build.0 = Debug|Any CPU
		{67D95D40-83BD-4321-B889-413C5171D3E2}.Debug|x86.ActiveCfg = Debug|Any CPU
		{67D95D40-83BD-4321-B889-413C5171D3E2}.Debug|x86.Build.0 = Debug|Any CPU
		{67D95D40-83BD-4321-B889-413C5171D3E2}.Release|Any CPU.ActiveCfg = Release|Any CPU
		{67D95D40-83BD-4321-B889-413C5171D3E2}.Release|Any CPU.Build.0 = Release|Any CPU
		{67D95D40-83BD-4321-B889-413C5171D3E2}.Release|ARM64.ActiveCfg = Release|Any CPU
		{67D95D40-83BD-4321-B889-413C5171D3E2}.Release|ARM64.Build.0 = Release|Any CPU
		{67D95D40-83BD-4321-B889-413C5171D3E2}.Release|x64.ActiveCfg = Release|Any CPU
		{67D95D40-83BD-4321-B889-413C5171D3E2}.Release|x64.Build.0 = Release|Any CPU
		{67D95D40-83BD-4321-B889-413C5171D3E2}.Release|x86.ActiveCfg = Release|Any CPU
		{67D95D40-83BD-4321-B889-413C5171D3E2}.Release|x86.Build.0 = Release|Any CPU
		{DF956FD3-254B-4F4F-8F63-797539B2F56E}.Debug|Any CPU.ActiveCfg = Debug|Any CPU
		{DF956FD3-254B-4F4F-8F63-797539B2F56E}.Debug|Any CPU.Build.0 = Debug|Any CPU
		{DF956FD3-254B-4F4F-8F63-797539B2F56E}.Debug|ARM64.ActiveCfg = Debug|Any CPU
		{DF956FD3-254B-4F4F-8F63-797539B2F56E}.Debug|ARM64.Build.0 = Debug|Any CPU
		{DF956FD3-254B-4F4F-8F63-797539B2F56E}.Debug|x64.ActiveCfg = Debug|Any CPU
		{DF956FD3-254B-4F4F-8F63-797539B2F56E}.Debug|x64.Build.0 = Debug|Any CPU
		{DF956FD3-254B-4F4F-8F63-797539B2F56E}.Debug|x86.ActiveCfg = Debug|Any CPU
		{DF956FD3-254B-4F4F-8F63-797539B2F56E}.Debug|x86.Build.0 = Debug|Any CPU
		{DF956FD3-254B-4F4F-8F63-797539B2F56E}.Release|Any CPU.ActiveCfg = Release|Any CPU
		{DF956FD3-254B-4F4F-8F63-797539B2F56E}.Release|Any CPU.Build.0 = Release|Any CPU
		{DF956FD3-254B-4F4F-8F63-797539B2F56E}.Release|ARM64.ActiveCfg = Release|Any CPU
		{DF956FD3-254B-4F4F-8F63-797539B2F56E}.Release|ARM64.Build.0 = Release|Any CPU
		{DF956FD3-254B-4F4F-8F63-797539B2F56E}.Release|x64.ActiveCfg = Release|Any CPU
		{DF956FD3-254B-4F4F-8F63-797539B2F56E}.Release|x64.Build.0 = Release|Any CPU
		{DF956FD3-254B-4F4F-8F63-797539B2F56E}.Release|x86.ActiveCfg = Release|Any CPU
		{DF956FD3-254B-4F4F-8F63-797539B2F56E}.Release|x86.Build.0 = Release|Any CPU
		{143B5821-0B2A-45E4-B3AE-DB985D502E08}.Debug|Any CPU.ActiveCfg = Debug|Any CPU
		{143B5821-0B2A-45E4-B3AE-DB985D502E08}.Debug|Any CPU.Build.0 = Debug|Any CPU
		{143B5821-0B2A-45E4-B3AE-DB985D502E08}.Debug|Any CPU.Deploy.0 = Debug|Any CPU
		{143B5821-0B2A-45E4-B3AE-DB985D502E08}.Debug|ARM64.ActiveCfg = Debug|Any CPU
		{143B5821-0B2A-45E4-B3AE-DB985D502E08}.Debug|ARM64.Build.0 = Debug|Any CPU
		{143B5821-0B2A-45E4-B3AE-DB985D502E08}.Debug|x64.ActiveCfg = Debug|Any CPU
		{143B5821-0B2A-45E4-B3AE-DB985D502E08}.Debug|x64.Build.0 = Debug|Any CPU
		{143B5821-0B2A-45E4-B3AE-DB985D502E08}.Debug|x86.ActiveCfg = Debug|Any CPU
		{143B5821-0B2A-45E4-B3AE-DB985D502E08}.Debug|x86.Build.0 = Debug|Any CPU
		{143B5821-0B2A-45E4-B3AE-DB985D502E08}.Release|Any CPU.ActiveCfg = Release|Any CPU
		{143B5821-0B2A-45E4-B3AE-DB985D502E08}.Release|Any CPU.Build.0 = Release|Any CPU
		{143B5821-0B2A-45E4-B3AE-DB985D502E08}.Release|ARM64.ActiveCfg = Release|Any CPU
		{143B5821-0B2A-45E4-B3AE-DB985D502E08}.Release|ARM64.Build.0 = Release|Any CPU
		{143B5821-0B2A-45E4-B3AE-DB985D502E08}.Release|x64.ActiveCfg = Release|Any CPU
		{143B5821-0B2A-45E4-B3AE-DB985D502E08}.Release|x64.Build.0 = Release|Any CPU
		{143B5821-0B2A-45E4-B3AE-DB985D502E08}.Release|x86.ActiveCfg = Release|Any CPU
		{143B5821-0B2A-45E4-B3AE-DB985D502E08}.Release|x86.Build.0 = Release|Any CPU
		{61F11680-64F9-4423-ABC1-FF149CE669B9}.Debug|Any CPU.ActiveCfg = Debug|Any CPU
		{61F11680-64F9-4423-ABC1-FF149CE669B9}.Debug|Any CPU.Build.0 = Debug|Any CPU
		{61F11680-64F9-4423-ABC1-FF149CE669B9}.Debug|ARM64.ActiveCfg = Debug|Any CPU
		{61F11680-64F9-4423-ABC1-FF149CE669B9}.Debug|ARM64.Build.0 = Debug|Any CPU
		{61F11680-64F9-4423-ABC1-FF149CE669B9}.Debug|x64.ActiveCfg = Debug|Any CPU
		{61F11680-64F9-4423-ABC1-FF149CE669B9}.Debug|x64.Build.0 = Debug|Any CPU
		{61F11680-64F9-4423-ABC1-FF149CE669B9}.Debug|x86.ActiveCfg = Debug|Any CPU
		{61F11680-64F9-4423-ABC1-FF149CE669B9}.Debug|x86.Build.0 = Debug|Any CPU
		{61F11680-64F9-4423-ABC1-FF149CE669B9}.Release|Any CPU.ActiveCfg = Release|Any CPU
		{61F11680-64F9-4423-ABC1-FF149CE669B9}.Release|Any CPU.Build.0 = Release|Any CPU
		{61F11680-64F9-4423-ABC1-FF149CE669B9}.Release|ARM64.ActiveCfg = Release|Any CPU
		{61F11680-64F9-4423-ABC1-FF149CE669B9}.Release|ARM64.Build.0 = Release|Any CPU
		{61F11680-64F9-4423-ABC1-FF149CE669B9}.Release|x64.ActiveCfg = Release|Any CPU
		{61F11680-64F9-4423-ABC1-FF149CE669B9}.Release|x64.Build.0 = Release|Any CPU
		{61F11680-64F9-4423-ABC1-FF149CE669B9}.Release|x86.ActiveCfg = Release|Any CPU
		{61F11680-64F9-4423-ABC1-FF149CE669B9}.Release|x86.Build.0 = Release|Any CPU
		{CB73F946-8234-4B0F-B337-71684EC3046C}.Debug|Any CPU.ActiveCfg = Debug|Any CPU
		{CB73F946-8234-4B0F-B337-71684EC3046C}.Debug|Any CPU.Build.0 = Debug|Any CPU
		{CB73F946-8234-4B0F-B337-71684EC3046C}.Debug|ARM64.ActiveCfg = Debug|Any CPU
		{CB73F946-8234-4B0F-B337-71684EC3046C}.Debug|ARM64.Build.0 = Debug|Any CPU
		{CB73F946-8234-4B0F-B337-71684EC3046C}.Debug|x64.ActiveCfg = Debug|Any CPU
		{CB73F946-8234-4B0F-B337-71684EC3046C}.Debug|x64.Build.0 = Debug|Any CPU
		{CB73F946-8234-4B0F-B337-71684EC3046C}.Debug|x86.ActiveCfg = Debug|Any CPU
		{CB73F946-8234-4B0F-B337-71684EC3046C}.Debug|x86.Build.0 = Debug|Any CPU
		{CB73F946-8234-4B0F-B337-71684EC3046C}.Release|Any CPU.ActiveCfg = Release|Any CPU
		{CB73F946-8234-4B0F-B337-71684EC3046C}.Release|Any CPU.Build.0 = Release|Any CPU
		{CB73F946-8234-4B0F-B337-71684EC3046C}.Release|ARM64.ActiveCfg = Release|Any CPU
		{CB73F946-8234-4B0F-B337-71684EC3046C}.Release|ARM64.Build.0 = Release|Any CPU
		{CB73F946-8234-4B0F-B337-71684EC3046C}.Release|x64.ActiveCfg = Release|Any CPU
		{CB73F946-8234-4B0F-B337-71684EC3046C}.Release|x64.Build.0 = Release|Any CPU
		{CB73F946-8234-4B0F-B337-71684EC3046C}.Release|x86.ActiveCfg = Release|Any CPU
		{CB73F946-8234-4B0F-B337-71684EC3046C}.Release|x86.Build.0 = Release|Any CPU
		{0A57E06B-57D6-475A-8386-48646AD4211D}.Debug|Any CPU.ActiveCfg = Debug|Any CPU
		{0A57E06B-57D6-475A-8386-48646AD4211D}.Debug|Any CPU.Build.0 = Debug|Any CPU
		{0A57E06B-57D6-475A-8386-48646AD4211D}.Debug|ARM64.ActiveCfg = Debug|Any CPU
		{0A57E06B-57D6-475A-8386-48646AD4211D}.Debug|ARM64.Build.0 = Debug|Any CPU
		{0A57E06B-57D6-475A-8386-48646AD4211D}.Debug|x64.ActiveCfg = Debug|Any CPU
		{0A57E06B-57D6-475A-8386-48646AD4211D}.Debug|x64.Build.0 = Debug|Any CPU
		{0A57E06B-57D6-475A-8386-48646AD4211D}.Debug|x86.ActiveCfg = Debug|Any CPU
		{0A57E06B-57D6-475A-8386-48646AD4211D}.Debug|x86.Build.0 = Debug|Any CPU
		{0A57E06B-57D6-475A-8386-48646AD4211D}.Release|Any CPU.ActiveCfg = Release|Any CPU
		{0A57E06B-57D6-475A-8386-48646AD4211D}.Release|Any CPU.Build.0 = Release|Any CPU
		{0A57E06B-57D6-475A-8386-48646AD4211D}.Release|ARM64.ActiveCfg = Release|Any CPU
		{0A57E06B-57D6-475A-8386-48646AD4211D}.Release|ARM64.Build.0 = Release|Any CPU
		{0A57E06B-57D6-475A-8386-48646AD4211D}.Release|x64.ActiveCfg = Release|Any CPU
		{0A57E06B-57D6-475A-8386-48646AD4211D}.Release|x64.Build.0 = Release|Any CPU
		{0A57E06B-57D6-475A-8386-48646AD4211D}.Release|x86.ActiveCfg = Release|Any CPU
		{0A57E06B-57D6-475A-8386-48646AD4211D}.Release|x86.Build.0 = Release|Any CPU
		{860C5B02-F2B1-4C08-B01B-ACD510FB13FA}.Debug|Any CPU.ActiveCfg = Debug|Any CPU
		{860C5B02-F2B1-4C08-B01B-ACD510FB13FA}.Debug|Any CPU.Build.0 = Debug|Any CPU
		{860C5B02-F2B1-4C08-B01B-ACD510FB13FA}.Debug|ARM64.ActiveCfg = Debug|Any CPU
		{860C5B02-F2B1-4C08-B01B-ACD510FB13FA}.Debug|ARM64.Build.0 = Debug|Any CPU
		{860C5B02-F2B1-4C08-B01B-ACD510FB13FA}.Debug|x64.ActiveCfg = Debug|Any CPU
		{860C5B02-F2B1-4C08-B01B-ACD510FB13FA}.Debug|x64.Build.0 = Debug|Any CPU
		{860C5B02-F2B1-4C08-B01B-ACD510FB13FA}.Debug|x86.ActiveCfg = Debug|Any CPU
		{860C5B02-F2B1-4C08-B01B-ACD510FB13FA}.Debug|x86.Build.0 = Debug|Any CPU
		{860C5B02-F2B1-4C08-B01B-ACD510FB13FA}.Release|Any CPU.ActiveCfg = Release|Any CPU
		{860C5B02-F2B1-4C08-B01B-ACD510FB13FA}.Release|Any CPU.Build.0 = Release|Any CPU
		{860C5B02-F2B1-4C08-B01B-ACD510FB13FA}.Release|ARM64.ActiveCfg = Release|Any CPU
		{860C5B02-F2B1-4C08-B01B-ACD510FB13FA}.Release|ARM64.Build.0 = Release|Any CPU
		{860C5B02-F2B1-4C08-B01B-ACD510FB13FA}.Release|x64.ActiveCfg = Release|Any CPU
		{860C5B02-F2B1-4C08-B01B-ACD510FB13FA}.Release|x64.Build.0 = Release|Any CPU
		{860C5B02-F2B1-4C08-B01B-ACD510FB13FA}.Release|x86.ActiveCfg = Release|Any CPU
		{860C5B02-F2B1-4C08-B01B-ACD510FB13FA}.Release|x86.Build.0 = Release|Any CPU
		{61B1A285-656C-4E22-8FF9-356F6160E331}.Debug|Any CPU.ActiveCfg = Debug|x64
		{61B1A285-656C-4E22-8FF9-356F6160E331}.Debug|Any CPU.Build.0 = Debug|x64
		{61B1A285-656C-4E22-8FF9-356F6160E331}.Debug|Any CPU.Deploy.0 = Debug|x64
		{61B1A285-656C-4E22-8FF9-356F6160E331}.Debug|ARM64.ActiveCfg = Debug|arm64
		{61B1A285-656C-4E22-8FF9-356F6160E331}.Debug|ARM64.Build.0 = Debug|arm64
		{61B1A285-656C-4E22-8FF9-356F6160E331}.Debug|x64.ActiveCfg = Debug|x64
		{61B1A285-656C-4E22-8FF9-356F6160E331}.Debug|x64.Build.0 = Debug|x64
		{61B1A285-656C-4E22-8FF9-356F6160E331}.Debug|x86.ActiveCfg = Debug|x86
		{61B1A285-656C-4E22-8FF9-356F6160E331}.Debug|x86.Build.0 = Debug|x86
		{61B1A285-656C-4E22-8FF9-356F6160E331}.Release|Any CPU.ActiveCfg = Release|x64
		{61B1A285-656C-4E22-8FF9-356F6160E331}.Release|Any CPU.Build.0 = Release|x64
		{61B1A285-656C-4E22-8FF9-356F6160E331}.Release|ARM64.ActiveCfg = Release|arm64
		{61B1A285-656C-4E22-8FF9-356F6160E331}.Release|ARM64.Build.0 = Release|arm64
		{61B1A285-656C-4E22-8FF9-356F6160E331}.Release|x64.ActiveCfg = Release|x64
		{61B1A285-656C-4E22-8FF9-356F6160E331}.Release|x64.Build.0 = Release|x64
		{61B1A285-656C-4E22-8FF9-356F6160E331}.Release|x86.ActiveCfg = Release|x86
		{61B1A285-656C-4E22-8FF9-356F6160E331}.Release|x86.Build.0 = Release|x86
		{2D0AC627-7E70-4870-8F16-238DD4CFD8F9}.Debug|Any CPU.ActiveCfg = Debug|Any CPU
		{2D0AC627-7E70-4870-8F16-238DD4CFD8F9}.Debug|Any CPU.Build.0 = Debug|Any CPU
		{2D0AC627-7E70-4870-8F16-238DD4CFD8F9}.Debug|ARM64.ActiveCfg = Debug|Any CPU
		{2D0AC627-7E70-4870-8F16-238DD4CFD8F9}.Debug|ARM64.Build.0 = Debug|Any CPU
		{2D0AC627-7E70-4870-8F16-238DD4CFD8F9}.Debug|x64.ActiveCfg = Debug|Any CPU
		{2D0AC627-7E70-4870-8F16-238DD4CFD8F9}.Debug|x64.Build.0 = Debug|Any CPU
		{2D0AC627-7E70-4870-8F16-238DD4CFD8F9}.Debug|x86.ActiveCfg = Debug|Any CPU
		{2D0AC627-7E70-4870-8F16-238DD4CFD8F9}.Debug|x86.Build.0 = Debug|Any CPU
		{2D0AC627-7E70-4870-8F16-238DD4CFD8F9}.Release|Any CPU.ActiveCfg = Release|Any CPU
		{2D0AC627-7E70-4870-8F16-238DD4CFD8F9}.Release|Any CPU.Build.0 = Release|Any CPU
		{2D0AC627-7E70-4870-8F16-238DD4CFD8F9}.Release|ARM64.ActiveCfg = Release|Any CPU
		{2D0AC627-7E70-4870-8F16-238DD4CFD8F9}.Release|ARM64.Build.0 = Release|Any CPU
		{2D0AC627-7E70-4870-8F16-238DD4CFD8F9}.Release|x64.ActiveCfg = Release|Any CPU
		{2D0AC627-7E70-4870-8F16-238DD4CFD8F9}.Release|x64.Build.0 = Release|Any CPU
		{2D0AC627-7E70-4870-8F16-238DD4CFD8F9}.Release|x86.ActiveCfg = Release|Any CPU
		{2D0AC627-7E70-4870-8F16-238DD4CFD8F9}.Release|x86.Build.0 = Release|Any CPU
	EndGlobalSection
	GlobalSection(SolutionProperties) = preSolution
		HideSolutionNode = FALSE
	EndGlobalSection
	GlobalSection(NestedProjects) = preSolution
		{5ED0736D-40A6-46B7-9A05-423BAE4C57B6} = {832124A0-8184-48DC-A66D-E8B6106F68C2}
		{2FBEFDF0-C417-4004-806F-5D7775A22B01} = {832124A0-8184-48DC-A66D-E8B6106F68C2}
		{54B44622-5CA3-4A4A-A5E3-FCC96D91B1AD} = {2FBEFDF0-C417-4004-806F-5D7775A22B01}
		{9F24BD63-7A16-4C9E-8C8D-E09B363698B8} = {2FBEFDF0-C417-4004-806F-5D7775A22B01}
		{967DCA1F-A16B-404A-8480-8EC2D8DD29B3} = {54B44622-5CA3-4A4A-A5E3-FCC96D91B1AD}
		{D1FFFA20-D52B-42DE-8D78-48AA76ECAF66} = {54B44622-5CA3-4A4A-A5E3-FCC96D91B1AD}
		{A26589C9-2C9A-4567-BA0D-B9039E14E0B1} = {54B44622-5CA3-4A4A-A5E3-FCC96D91B1AD}
		{335E2852-CE53-4FCA-A5EB-392BE718E93B} = {54B44622-5CA3-4A4A-A5E3-FCC96D91B1AD}
		{83AE914D-B6BF-43E0-9C9E-E55EC930032B} = {54B44622-5CA3-4A4A-A5E3-FCC96D91B1AD}
		{675A9949-049B-40CD-8A20-0AF1BE2DF3A5} = {54B44622-5CA3-4A4A-A5E3-FCC96D91B1AD}
		{43ED09A4-38BA-44B2-9F03-A0C09D00D41B} = {2FBEFDF0-C417-4004-806F-5D7775A22B01}
		{67D95D40-83BD-4321-B889-413C5171D3E2} = {43ED09A4-38BA-44B2-9F03-A0C09D00D41B}
		{F7037B3F-F0D6-4B21-8E1E-D0A5CFE21BC3} = {832124A0-8184-48DC-A66D-E8B6106F68C2}
		{F547E6CF-BDD1-4C3F-9985-1F89113C7274} = {832124A0-8184-48DC-A66D-E8B6106F68C2}
		{5FB90044-1A14-4A88-9759-B36C25E86552} = {F7037B3F-F0D6-4B21-8E1E-D0A5CFE21BC3}
		{715FF76E-DC84-4104-ABFC-112570D006FA} = {F7037B3F-F0D6-4B21-8E1E-D0A5CFE21BC3}
		{DF956FD3-254B-4F4F-8F63-797539B2F56E} = {5FB90044-1A14-4A88-9759-B36C25E86552}
		{143B5821-0B2A-45E4-B3AE-DB985D502E08} = {715FF76E-DC84-4104-ABFC-112570D006FA}
		{61F11680-64F9-4423-ABC1-FF149CE669B9} = {715FF76E-DC84-4104-ABFC-112570D006FA}
		{CB73F946-8234-4B0F-B337-71684EC3046C} = {715FF76E-DC84-4104-ABFC-112570D006FA}
		{0A57E06B-57D6-475A-8386-48646AD4211D} = {715FF76E-DC84-4104-ABFC-112570D006FA}
		{860C5B02-F2B1-4C08-B01B-ACD510FB13FA} = {715FF76E-DC84-4104-ABFC-112570D006FA}
		{61B1A285-656C-4E22-8FF9-356F6160E331} = {715FF76E-DC84-4104-ABFC-112570D006FA}
		{2D0AC627-7E70-4870-8F16-238DD4CFD8F9} = {F7037B3F-F0D6-4B21-8E1E-D0A5CFE21BC3}
	EndGlobalSection
	GlobalSection(ExtensibilityGlobals) = postSolution
		SolutionGuid = {82DC91FF-5CA7-40EF-9E24-FB9538FFEC75}
	EndGlobalSection
EndGlobal
