
Microsoft Visual Studio Solution File, Format Version 12.00
# Visual Studio Version 17
VisualStudioVersion = 17.8.34212.112
MinimumVisualStudioVersion = 10.0.40219.1
Project("{2150E333-8FDC-42A3-9474-1A3956D46DE8}") = "src", "src", "{832124A0-8184-48DC-A66D-E8B6106F68C2}"
EndProject
Project("{9A19103F-16F7-4668-BE54-9A1E7A4F7556}") = "Symptum.Core", "src\Symptum.Core\Symptum.Core.csproj", "{5ED0736D-40A6-46B7-9A05-423BAE4C57B6}"
EndProject
Project("{2150E333-8FDC-42A3-9474-1A3956D46DE8}") = "Editor", "Editor", "{2FBEFDF0-C417-4004-806F-5D7775A22B01}"
EndProject
Project("{9A19103F-16F7-4668-BE54-9A1E7A4F7556}") = "Symptum.Editor", "src\Symptum.Editor\Symptum.Editor\Symptum.Editor.csproj", "{4BCA89D8-DAF4-4A3B-96B9-899EB3FA2826}"
EndProject
Project("{9A19103F-16F7-4668-BE54-9A1E7A4F7556}") = "Symptum.Editor.Base", "src\Symptum.Editor\Symptum.Editor.Base\Symptum.Editor.Base.csproj", "{FA2768D3-CD86-4D09-AD3F-B06E51018AD0}"
EndProject
Project("{9A19103F-16F7-4668-BE54-9A1E7A4F7556}") = "Symptum.Editor.Mobile", "src\Symptum.Editor\Symptum.Editor.Mobile\Symptum.Editor.Mobile.csproj", "{AF0465DA-48B5-4CD7-8E40-F4636D041DC1}"
EndProject
Project("{9A19103F-16F7-4668-BE54-9A1E7A4F7556}") = "Symptum.Editor.Server", "src\Symptum.Editor\Symptum.Editor.Server\Symptum.Editor.Server.csproj", "{6DE8DD5D-AD96-4B9A-8ABE-F1E109FBDA8F}"
EndProject
Project("{9A19103F-16F7-4668-BE54-9A1E7A4F7556}") = "Symptum.Editor.Skia.Gtk", "src\Symptum.Editor\Symptum.Editor.Skia.Gtk\Symptum.Editor.Skia.Gtk.csproj", "{337B336A-50AA-493D-AFDB-CF09BA27247E}"
EndProject
Project("{9A19103F-16F7-4668-BE54-9A1E7A4F7556}") = "Symptum.Editor.Skia.Wpf", "src\Symptum.Editor\Symptum.Editor.Skia.WPF\Symptum.Editor.Skia.Wpf.csproj", "{954A19EE-4AF7-465A-BC54-DB359BD4EE0D}"
EndProject
Project("{9A19103F-16F7-4668-BE54-9A1E7A4F7556}") = "Symptum.Editor.Wasm", "src\Symptum.Editor\Symptum.Editor.Wasm\Symptum.Editor.Wasm.csproj", "{58FD1E1C-6865-4D66-8F63-600FAB09238C}"
EndProject
Project("{9A19103F-16F7-4668-BE54-9A1E7A4F7556}") = "Symptum.Editor.Windows", "src\Symptum.Editor\Symptum.Editor.Windows\Symptum.Editor.Windows.csproj", "{78F0D4EA-B2BC-478E-B9C5-C8A8E0F9AA01}"
EndProject
Global
	GlobalSection(SolutionConfigurationPlatforms) = preSolution
		Debug|Any CPU = Debug|Any CPU
		Debug|ARM64 = Debug|ARM64
		Debug|x64 = Debug|x64
		Debug|x86 = Debug|x86
		Release|Any CPU = Release|Any CPU
		Release|ARM64 = Release|ARM64
		Release|x64 = Release|x64
		Release|x86 = Release|x86
	EndGlobalSection
	GlobalSection(ProjectConfigurationPlatforms) = postSolution
		{5ED0736D-40A6-46B7-9A05-423BAE4C57B6}.Debug|Any CPU.ActiveCfg = Debug|Any CPU
		{5ED0736D-40A6-46B7-9A05-423BAE4C57B6}.Debug|Any CPU.Build.0 = Debug|Any CPU
		{5ED0736D-40A6-46B7-9A05-423BAE4C57B6}.Debug|ARM64.ActiveCfg = Debug|Any CPU
		{5ED0736D-40A6-46B7-9A05-423BAE4C57B6}.Debug|ARM64.Build.0 = Debug|Any CPU
		{5ED0736D-40A6-46B7-9A05-423BAE4C57B6}.Debug|x64.ActiveCfg = Debug|Any CPU
		{5ED0736D-40A6-46B7-9A05-423BAE4C57B6}.Debug|x64.Build.0 = Debug|Any CPU
		{5ED0736D-40A6-46B7-9A05-423BAE4C57B6}.Debug|x86.ActiveCfg = Debug|Any CPU
		{5ED0736D-40A6-46B7-9A05-423BAE4C57B6}.Debug|x86.Build.0 = Debug|Any CPU
		{5ED0736D-40A6-46B7-9A05-423BAE4C57B6}.Release|Any CPU.ActiveCfg = Release|Any CPU
		{5ED0736D-40A6-46B7-9A05-423BAE4C57B6}.Release|Any CPU.Build.0 = Release|Any CPU
		{5ED0736D-40A6-46B7-9A05-423BAE4C57B6}.Release|ARM64.ActiveCfg = Release|Any CPU
		{5ED0736D-40A6-46B7-9A05-423BAE4C57B6}.Release|ARM64.Build.0 = Release|Any CPU
		{5ED0736D-40A6-46B7-9A05-423BAE4C57B6}.Release|x64.ActiveCfg = Release|Any CPU
		{5ED0736D-40A6-46B7-9A05-423BAE4C57B6}.Release|x64.Build.0 = Release|Any CPU
		{5ED0736D-40A6-46B7-9A05-423BAE4C57B6}.Release|x86.ActiveCfg = Release|Any CPU
		{5ED0736D-40A6-46B7-9A05-423BAE4C57B6}.Release|x86.Build.0 = Release|Any CPU
		{4BCA89D8-DAF4-4A3B-96B9-899EB3FA2826}.Debug|Any CPU.ActiveCfg = Debug|Any CPU
		{4BCA89D8-DAF4-4A3B-96B9-899EB3FA2826}.Debug|Any CPU.Build.0 = Debug|Any CPU
		{4BCA89D8-DAF4-4A3B-96B9-899EB3FA2826}.Debug|ARM64.ActiveCfg = Debug|Any CPU
		{4BCA89D8-DAF4-4A3B-96B9-899EB3FA2826}.Debug|ARM64.Build.0 = Debug|Any CPU
		{4BCA89D8-DAF4-4A3B-96B9-899EB3FA2826}.Debug|x64.ActiveCfg = Debug|Any CPU
		{4BCA89D8-DAF4-4A3B-96B9-899EB3FA2826}.Debug|x64.Build.0 = Debug|Any CPU
		{4BCA89D8-DAF4-4A3B-96B9-899EB3FA2826}.Debug|x86.ActiveCfg = Debug|Any CPU
		{4BCA89D8-DAF4-4A3B-96B9-899EB3FA2826}.Debug|x86.Build.0 = Debug|Any CPU
		{4BCA89D8-DAF4-4A3B-96B9-899EB3FA2826}.Release|Any CPU.ActiveCfg = Release|Any CPU
		{4BCA89D8-DAF4-4A3B-96B9-899EB3FA2826}.Release|Any CPU.Build.0 = Release|Any CPU
		{4BCA89D8-DAF4-4A3B-96B9-899EB3FA2826}.Release|ARM64.ActiveCfg = Release|Any CPU
		{4BCA89D8-DAF4-4A3B-96B9-899EB3FA2826}.Release|ARM64.Build.0 = Release|Any CPU
		{4BCA89D8-DAF4-4A3B-96B9-899EB3FA2826}.Release|x64.ActiveCfg = Release|Any CPU
		{4BCA89D8-DAF4-4A3B-96B9-899EB3FA2826}.Release|x64.Build.0 = Release|Any CPU
		{4BCA89D8-DAF4-4A3B-96B9-899EB3FA2826}.Release|x86.ActiveCfg = Release|Any CPU
		{4BCA89D8-DAF4-4A3B-96B9-899EB3FA2826}.Release|x86.Build.0 = Release|Any CPU
		{FA2768D3-CD86-4D09-AD3F-B06E51018AD0}.Debug|Any CPU.ActiveCfg = Debug|Any CPU
		{FA2768D3-CD86-4D09-AD3F-B06E51018AD0}.Debug|Any CPU.Build.0 = Debug|Any CPU
		{FA2768D3-CD86-4D09-AD3F-B06E51018AD0}.Debug|ARM64.ActiveCfg = Debug|Any CPU
		{FA2768D3-CD86-4D09-AD3F-B06E51018AD0}.Debug|ARM64.Build.0 = Debug|Any CPU
		{FA2768D3-CD86-4D09-AD3F-B06E51018AD0}.Debug|x64.ActiveCfg = Debug|Any CPU
		{FA2768D3-CD86-4D09-AD3F-B06E51018AD0}.Debug|x64.Build.0 = Debug|Any CPU
		{FA2768D3-CD86-4D09-AD3F-B06E51018AD0}.Debug|x86.ActiveCfg = Debug|Any CPU
		{FA2768D3-CD86-4D09-AD3F-B06E51018AD0}.Debug|x86.Build.0 = Debug|Any CPU
		{FA2768D3-CD86-4D09-AD3F-B06E51018AD0}.Release|Any CPU.ActiveCfg = Release|Any CPU
		{FA2768D3-CD86-4D09-AD3F-B06E51018AD0}.Release|Any CPU.Build.0 = Release|Any CPU
		{FA2768D3-CD86-4D09-AD3F-B06E51018AD0}.Release|ARM64.ActiveCfg = Release|Any CPU
		{FA2768D3-CD86-4D09-AD3F-B06E51018AD0}.Release|ARM64.Build.0 = Release|Any CPU
		{FA2768D3-CD86-4D09-AD3F-B06E51018AD0}.Release|x64.ActiveCfg = Release|Any CPU
		{FA2768D3-CD86-4D09-AD3F-B06E51018AD0}.Release|x64.Build.0 = Release|Any CPU
		{FA2768D3-CD86-4D09-AD3F-B06E51018AD0}.Release|x86.ActiveCfg = Release|Any CPU
		{FA2768D3-CD86-4D09-AD3F-B06E51018AD0}.Release|x86.Build.0 = Release|Any CPU
		{AF0465DA-48B5-4CD7-8E40-F4636D041DC1}.Debug|Any CPU.ActiveCfg = Debug|Any CPU
		{AF0465DA-48B5-4CD7-8E40-F4636D041DC1}.Debug|Any CPU.Build.0 = Debug|Any CPU
		{AF0465DA-48B5-4CD7-8E40-F4636D041DC1}.Debug|ARM64.ActiveCfg = Debug|Any CPU
		{AF0465DA-48B5-4CD7-8E40-F4636D041DC1}.Debug|ARM64.Build.0 = Debug|Any CPU
		{AF0465DA-48B5-4CD7-8E40-F4636D041DC1}.Debug|x64.ActiveCfg = Debug|Any CPU
		{AF0465DA-48B5-4CD7-8E40-F4636D041DC1}.Debug|x64.Build.0 = Debug|Any CPU
		{AF0465DA-48B5-4CD7-8E40-F4636D041DC1}.Debug|x64.Deploy.0 = Debug|Any CPU
		{AF0465DA-48B5-4CD7-8E40-F4636D041DC1}.Debug|x86.ActiveCfg = Debug|Any CPU
		{AF0465DA-48B5-4CD7-8E40-F4636D041DC1}.Debug|x86.Build.0 = Debug|Any CPU
		{AF0465DA-48B5-4CD7-8E40-F4636D041DC1}.Release|Any CPU.ActiveCfg = Release|Any CPU
		{AF0465DA-48B5-4CD7-8E40-F4636D041DC1}.Release|Any CPU.Build.0 = Release|Any CPU
		{AF0465DA-48B5-4CD7-8E40-F4636D041DC1}.Release|ARM64.ActiveCfg = Release|Any CPU
		{AF0465DA-48B5-4CD7-8E40-F4636D041DC1}.Release|ARM64.Build.0 = Release|Any CPU
		{AF0465DA-48B5-4CD7-8E40-F4636D041DC1}.Release|x64.ActiveCfg = Release|Any CPU
		{AF0465DA-48B5-4CD7-8E40-F4636D041DC1}.Release|x64.Build.0 = Release|Any CPU
		{AF0465DA-48B5-4CD7-8E40-F4636D041DC1}.Release|x64.Deploy.0 = Release|Any CPU
		{AF0465DA-48B5-4CD7-8E40-F4636D041DC1}.Release|x86.ActiveCfg = Release|Any CPU
		{AF0465DA-48B5-4CD7-8E40-F4636D041DC1}.Release|x86.Build.0 = Release|Any CPU
		{6DE8DD5D-AD96-4B9A-8ABE-F1E109FBDA8F}.Debug|Any CPU.ActiveCfg = Debug|Any CPU
		{6DE8DD5D-AD96-4B9A-8ABE-F1E109FBDA8F}.Debug|Any CPU.Build.0 = Debug|Any CPU
		{6DE8DD5D-AD96-4B9A-8ABE-F1E109FBDA8F}.Debug|ARM64.ActiveCfg = Debug|Any CPU
		{6DE8DD5D-AD96-4B9A-8ABE-F1E109FBDA8F}.Debug|ARM64.Build.0 = Debug|Any CPU
		{6DE8DD5D-AD96-4B9A-8ABE-F1E109FBDA8F}.Debug|x64.ActiveCfg = Debug|Any CPU
		{6DE8DD5D-AD96-4B9A-8ABE-F1E109FBDA8F}.Debug|x64.Build.0 = Debug|Any CPU
		{6DE8DD5D-AD96-4B9A-8ABE-F1E109FBDA8F}.Debug|x86.ActiveCfg = Debug|Any CPU
		{6DE8DD5D-AD96-4B9A-8ABE-F1E109FBDA8F}.Debug|x86.Build.0 = Debug|Any CPU
		{6DE8DD5D-AD96-4B9A-8ABE-F1E109FBDA8F}.Release|Any CPU.ActiveCfg = Release|Any CPU
		{6DE8DD5D-AD96-4B9A-8ABE-F1E109FBDA8F}.Release|Any CPU.Build.0 = Release|Any CPU
		{6DE8DD5D-AD96-4B9A-8ABE-F1E109FBDA8F}.Release|ARM64.ActiveCfg = Release|Any CPU
		{6DE8DD5D-AD96-4B9A-8ABE-F1E109FBDA8F}.Release|ARM64.Build.0 = Release|Any CPU
		{6DE8DD5D-AD96-4B9A-8ABE-F1E109FBDA8F}.Release|x64.ActiveCfg = Release|Any CPU
		{6DE8DD5D-AD96-4B9A-8ABE-F1E109FBDA8F}.Release|x64.Build.0 = Release|Any CPU
		{6DE8DD5D-AD96-4B9A-8ABE-F1E109FBDA8F}.Release|x86.ActiveCfg = Release|Any CPU
		{6DE8DD5D-AD96-4B9A-8ABE-F1E109FBDA8F}.Release|x86.Build.0 = Release|Any CPU
		{337B336A-50AA-493D-AFDB-CF09BA27247E}.Debug|Any CPU.ActiveCfg = Debug|Any CPU
		{337B336A-50AA-493D-AFDB-CF09BA27247E}.Debug|Any CPU.Build.0 = Debug|Any CPU
		{337B336A-50AA-493D-AFDB-CF09BA27247E}.Debug|ARM64.ActiveCfg = Debug|Any CPU
		{337B336A-50AA-493D-AFDB-CF09BA27247E}.Debug|ARM64.Build.0 = Debug|Any CPU
		{337B336A-50AA-493D-AFDB-CF09BA27247E}.Debug|x64.ActiveCfg = Debug|Any CPU
		{337B336A-50AA-493D-AFDB-CF09BA27247E}.Debug|x64.Build.0 = Debug|Any CPU
		{337B336A-50AA-493D-AFDB-CF09BA27247E}.Debug|x86.ActiveCfg = Debug|Any CPU
		{337B336A-50AA-493D-AFDB-CF09BA27247E}.Debug|x86.Build.0 = Debug|Any CPU
		{337B336A-50AA-493D-AFDB-CF09BA27247E}.Release|Any CPU.ActiveCfg = Release|Any CPU
		{337B336A-50AA-493D-AFDB-CF09BA27247E}.Release|Any CPU.Build.0 = Release|Any CPU
		{337B336A-50AA-493D-AFDB-CF09BA27247E}.Release|ARM64.ActiveCfg = Release|Any CPU
		{337B336A-50AA-493D-AFDB-CF09BA27247E}.Release|ARM64.Build.0 = Release|Any CPU
		{337B336A-50AA-493D-AFDB-CF09BA27247E}.Release|x64.ActiveCfg = Release|Any CPU
		{337B336A-50AA-493D-AFDB-CF09BA27247E}.Release|x64.Build.0 = Release|Any CPU
		{337B336A-50AA-493D-AFDB-CF09BA27247E}.Release|x86.ActiveCfg = Release|Any CPU
		{337B336A-50AA-493D-AFDB-CF09BA27247E}.Release|x86.Build.0 = Release|Any CPU
		{954A19EE-4AF7-465A-BC54-DB359BD4EE0D}.Debug|Any CPU.ActiveCfg = Debug|Any CPU
		{954A19EE-4AF7-465A-BC54-DB359BD4EE0D}.Debug|Any CPU.Build.0 = Debug|Any CPU
		{954A19EE-4AF7-465A-BC54-DB359BD4EE0D}.Debug|ARM64.ActiveCfg = Debug|Any CPU
		{954A19EE-4AF7-465A-BC54-DB359BD4EE0D}.Debug|ARM64.Build.0 = Debug|Any CPU
		{954A19EE-4AF7-465A-BC54-DB359BD4EE0D}.Debug|x64.ActiveCfg = Debug|Any CPU
		{954A19EE-4AF7-465A-BC54-DB359BD4EE0D}.Debug|x64.Build.0 = Debug|Any CPU
		{954A19EE-4AF7-465A-BC54-DB359BD4EE0D}.Debug|x86.ActiveCfg = Debug|Any CPU
		{954A19EE-4AF7-465A-BC54-DB359BD4EE0D}.Debug|x86.Build.0 = Debug|Any CPU
		{954A19EE-4AF7-465A-BC54-DB359BD4EE0D}.Release|Any CPU.ActiveCfg = Release|Any CPU
		{954A19EE-4AF7-465A-BC54-DB359BD4EE0D}.Release|Any CPU.Build.0 = Release|Any CPU
		{954A19EE-4AF7-465A-BC54-DB359BD4EE0D}.Release|ARM64.ActiveCfg = Release|Any CPU
		{954A19EE-4AF7-465A-BC54-DB359BD4EE0D}.Release|ARM64.Build.0 = Release|Any CPU
		{954A19EE-4AF7-465A-BC54-DB359BD4EE0D}.Release|x64.ActiveCfg = Release|Any CPU
		{954A19EE-4AF7-465A-BC54-DB359BD4EE0D}.Release|x64.Build.0 = Release|Any CPU
		{954A19EE-4AF7-465A-BC54-DB359BD4EE0D}.Release|x86.ActiveCfg = Release|Any CPU
		{954A19EE-4AF7-465A-BC54-DB359BD4EE0D}.Release|x86.Build.0 = Release|Any CPU
		{58FD1E1C-6865-4D66-8F63-600FAB09238C}.Debug|Any CPU.ActiveCfg = Debug|Any CPU
		{58FD1E1C-6865-4D66-8F63-600FAB09238C}.Debug|Any CPU.Build.0 = Debug|Any CPU
		{58FD1E1C-6865-4D66-8F63-600FAB09238C}.Debug|ARM64.ActiveCfg = Debug|Any CPU
		{58FD1E1C-6865-4D66-8F63-600FAB09238C}.Debug|ARM64.Build.0 = Debug|Any CPU
		{58FD1E1C-6865-4D66-8F63-600FAB09238C}.Debug|x64.ActiveCfg = Debug|Any CPU
		{58FD1E1C-6865-4D66-8F63-600FAB09238C}.Debug|x64.Build.0 = Debug|Any CPU
		{58FD1E1C-6865-4D66-8F63-600FAB09238C}.Debug|x86.ActiveCfg = Debug|Any CPU
		{58FD1E1C-6865-4D66-8F63-600FAB09238C}.Debug|x86.Build.0 = Debug|Any CPU
		{58FD1E1C-6865-4D66-8F63-600FAB09238C}.Release|Any CPU.ActiveCfg = Release|Any CPU
		{58FD1E1C-6865-4D66-8F63-600FAB09238C}.Release|Any CPU.Build.0 = Release|Any CPU
		{58FD1E1C-6865-4D66-8F63-600FAB09238C}.Release|ARM64.ActiveCfg = Release|Any CPU
		{58FD1E1C-6865-4D66-8F63-600FAB09238C}.Release|ARM64.Build.0 = Release|Any CPU
		{58FD1E1C-6865-4D66-8F63-600FAB09238C}.Release|x64.ActiveCfg = Release|Any CPU
		{58FD1E1C-6865-4D66-8F63-600FAB09238C}.Release|x64.Build.0 = Release|Any CPU
		{58FD1E1C-6865-4D66-8F63-600FAB09238C}.Release|x86.ActiveCfg = Release|Any CPU
		{58FD1E1C-6865-4D66-8F63-600FAB09238C}.Release|x86.Build.0 = Release|Any CPU
		{78F0D4EA-B2BC-478E-B9C5-C8A8E0F9AA01}.Debug|Any CPU.ActiveCfg = Debug|x64
		{78F0D4EA-B2BC-478E-B9C5-C8A8E0F9AA01}.Debug|Any CPU.Build.0 = Debug|x64
		{78F0D4EA-B2BC-478E-B9C5-C8A8E0F9AA01}.Debug|ARM64.ActiveCfg = Debug|arm64
		{78F0D4EA-B2BC-478E-B9C5-C8A8E0F9AA01}.Debug|ARM64.Build.0 = Debug|arm64
		{78F0D4EA-B2BC-478E-B9C5-C8A8E0F9AA01}.Debug|x64.ActiveCfg = Debug|x64
		{78F0D4EA-B2BC-478E-B9C5-C8A8E0F9AA01}.Debug|x64.Build.0 = Debug|x64
		{78F0D4EA-B2BC-478E-B9C5-C8A8E0F9AA01}.Debug|x64.Deploy.0 = Debug|x64
		{78F0D4EA-B2BC-478E-B9C5-C8A8E0F9AA01}.Debug|x86.ActiveCfg = Debug|x86
		{78F0D4EA-B2BC-478E-B9C5-C8A8E0F9AA01}.Debug|x86.Build.0 = Debug|x86
		{78F0D4EA-B2BC-478E-B9C5-C8A8E0F9AA01}.Release|Any CPU.ActiveCfg = Release|x64
		{78F0D4EA-B2BC-478E-B9C5-C8A8E0F9AA01}.Release|Any CPU.Build.0 = Release|x64
		{78F0D4EA-B2BC-478E-B9C5-C8A8E0F9AA01}.Release|ARM64.ActiveCfg = Release|arm64
		{78F0D4EA-B2BC-478E-B9C5-C8A8E0F9AA01}.Release|ARM64.Build.0 = Release|arm64
		{78F0D4EA-B2BC-478E-B9C5-C8A8E0F9AA01}.Release|x64.ActiveCfg = Release|x64
		{78F0D4EA-B2BC-478E-B9C5-C8A8E0F9AA01}.Release|x64.Build.0 = Release|x64
		{78F0D4EA-B2BC-478E-B9C5-C8A8E0F9AA01}.Release|x64.Deploy.0 = Release|x64
		{78F0D4EA-B2BC-478E-B9C5-C8A8E0F9AA01}.Release|x86.ActiveCfg = Release|x86
		{78F0D4EA-B2BC-478E-B9C5-C8A8E0F9AA01}.Release|x86.Build.0 = Release|x86
	EndGlobalSection
	GlobalSection(SolutionProperties) = preSolution
		HideSolutionNode = FALSE
	EndGlobalSection
	GlobalSection(NestedProjects) = preSolution
		{5ED0736D-40A6-46B7-9A05-423BAE4C57B6} = {832124A0-8184-48DC-A66D-E8B6106F68C2}
		{2FBEFDF0-C417-4004-806F-5D7775A22B01} = {832124A0-8184-48DC-A66D-E8B6106F68C2}
		{4BCA89D8-DAF4-4A3B-96B9-899EB3FA2826} = {2FBEFDF0-C417-4004-806F-5D7775A22B01}
		{FA2768D3-CD86-4D09-AD3F-B06E51018AD0} = {2FBEFDF0-C417-4004-806F-5D7775A22B01}
		{AF0465DA-48B5-4CD7-8E40-F4636D041DC1} = {2FBEFDF0-C417-4004-806F-5D7775A22B01}
		{6DE8DD5D-AD96-4B9A-8ABE-F1E109FBDA8F} = {2FBEFDF0-C417-4004-806F-5D7775A22B01}
		{337B336A-50AA-493D-AFDB-CF09BA27247E} = {2FBEFDF0-C417-4004-806F-5D7775A22B01}
		{954A19EE-4AF7-465A-BC54-DB359BD4EE0D} = {2FBEFDF0-C417-4004-806F-5D7775A22B01}
		{58FD1E1C-6865-4D66-8F63-600FAB09238C} = {2FBEFDF0-C417-4004-806F-5D7775A22B01}
		{78F0D4EA-B2BC-478E-B9C5-C8A8E0F9AA01} = {2FBEFDF0-C417-4004-806F-5D7775A22B01}
	EndGlobalSection
	GlobalSection(ExtensibilityGlobals) = postSolution
		SolutionGuid = {82DC91FF-5CA7-40EF-9E24-FB9538FFEC75}
	EndGlobalSection
EndGlobal
